{
  "version": "3",
  "packages": {
    "specifiers": {
      "npm:@types/node@^20.12.7": "npm:@types/node@20.16.10",
      "npm:ts-command-line-args@^2.5.1": "npm:ts-command-line-args@2.5.1",
      "npm:viem@^2.9.16": "npm:viem@2.21.16_ws@8.17.1",
      "npm:vitest@^1.5.0": "npm:vitest@1.6.0_@types+node@20.16.10"
    },
    "npm": {
      "@adraffy/ens-normalize@1.10.0": {
        "integrity": "sha512-nA9XHtlAkYfJxY7bce8DcN7eKxWWCWkU+1GR9d+U6MbNpfwQp8TI7vqOsBsMcHoT4mBu2kypKoSKnghEzOOq5Q==",
        "dependencies": {}
      },
      "@esbuild/aix-ppc64@0.21.5": {
        "integrity": "sha512-1SDgH6ZSPTlggy1yI6+Dbkiz8xzpHJEVAlF/AM1tHPLsf5STom9rwtjE4hKAF20FfXXNTFqEYXyJNWh1GiZedQ==",
        "dependencies": {}
      },
      "@esbuild/android-arm64@0.21.5": {
        "integrity": "sha512-c0uX9VAUBQ7dTDCjq+wdyGLowMdtR/GoC2U5IYk/7D1H1JYC0qseD7+11iMP2mRLN9RcCMRcjC4YMclCzGwS/A==",
        "dependencies": {}
      },
      "@esbuild/android-arm@0.21.5": {
        "integrity": "sha512-vCPvzSjpPHEi1siZdlvAlsPxXl7WbOVUBBAowWug4rJHb68Ox8KualB+1ocNvT5fjv6wpkX6o/iEpbDrf68zcg==",
        "dependencies": {}
      },
      "@esbuild/android-x64@0.21.5": {
        "integrity": "sha512-D7aPRUUNHRBwHxzxRvp856rjUHRFW1SdQATKXH2hqA0kAZb1hKmi02OpYRacl0TxIGz/ZmXWlbZgjwWYaCakTA==",
        "dependencies": {}
      },
      "@esbuild/darwin-arm64@0.21.5": {
        "integrity": "sha512-DwqXqZyuk5AiWWf3UfLiRDJ5EDd49zg6O9wclZ7kUMv2WRFr4HKjXp/5t8JZ11QbQfUS6/cRCKGwYhtNAY88kQ==",
        "dependencies": {}
      },
      "@esbuild/darwin-x64@0.21.5": {
        "integrity": "sha512-se/JjF8NlmKVG4kNIuyWMV/22ZaerB+qaSi5MdrXtd6R08kvs2qCN4C09miupktDitvh8jRFflwGFBQcxZRjbw==",
        "dependencies": {}
      },
      "@esbuild/freebsd-arm64@0.21.5": {
        "integrity": "sha512-5JcRxxRDUJLX8JXp/wcBCy3pENnCgBR9bN6JsY4OmhfUtIHe3ZW0mawA7+RDAcMLrMIZaf03NlQiX9DGyB8h4g==",
        "dependencies": {}
      },
      "@esbuild/freebsd-x64@0.21.5": {
        "integrity": "sha512-J95kNBj1zkbMXtHVH29bBriQygMXqoVQOQYA+ISs0/2l3T9/kj42ow2mpqerRBxDJnmkUDCaQT/dfNXWX/ZZCQ==",
        "dependencies": {}
      },
      "@esbuild/linux-arm64@0.21.5": {
        "integrity": "sha512-ibKvmyYzKsBeX8d8I7MH/TMfWDXBF3db4qM6sy+7re0YXya+K1cem3on9XgdT2EQGMu4hQyZhan7TeQ8XkGp4Q==",
        "dependencies": {}
      },
      "@esbuild/linux-arm@0.21.5": {
        "integrity": "sha512-bPb5AHZtbeNGjCKVZ9UGqGwo8EUu4cLq68E95A53KlxAPRmUyYv2D6F0uUI65XisGOL1hBP5mTronbgo+0bFcA==",
        "dependencies": {}
      },
      "@esbuild/linux-ia32@0.21.5": {
        "integrity": "sha512-YvjXDqLRqPDl2dvRODYmmhz4rPeVKYvppfGYKSNGdyZkA01046pLWyRKKI3ax8fbJoK5QbxblURkwK/MWY18Tg==",
        "dependencies": {}
      },
      "@esbuild/linux-loong64@0.21.5": {
        "integrity": "sha512-uHf1BmMG8qEvzdrzAqg2SIG/02+4/DHB6a9Kbya0XDvwDEKCoC8ZRWI5JJvNdUjtciBGFQ5PuBlpEOXQj+JQSg==",
        "dependencies": {}
      },
      "@esbuild/linux-mips64el@0.21.5": {
        "integrity": "sha512-IajOmO+KJK23bj52dFSNCMsz1QP1DqM6cwLUv3W1QwyxkyIWecfafnI555fvSGqEKwjMXVLokcV5ygHW5b3Jbg==",
        "dependencies": {}
      },
      "@esbuild/linux-ppc64@0.21.5": {
        "integrity": "sha512-1hHV/Z4OEfMwpLO8rp7CvlhBDnjsC3CttJXIhBi+5Aj5r+MBvy4egg7wCbe//hSsT+RvDAG7s81tAvpL2XAE4w==",
        "dependencies": {}
      },
      "@esbuild/linux-riscv64@0.21.5": {
        "integrity": "sha512-2HdXDMd9GMgTGrPWnJzP2ALSokE/0O5HhTUvWIbD3YdjME8JwvSCnNGBnTThKGEB91OZhzrJ4qIIxk/SBmyDDA==",
        "dependencies": {}
      },
      "@esbuild/linux-s390x@0.21.5": {
        "integrity": "sha512-zus5sxzqBJD3eXxwvjN1yQkRepANgxE9lgOW2qLnmr8ikMTphkjgXu1HR01K4FJg8h1kEEDAqDcZQtbrRnB41A==",
        "dependencies": {}
      },
      "@esbuild/linux-x64@0.21.5": {
        "integrity": "sha512-1rYdTpyv03iycF1+BhzrzQJCdOuAOtaqHTWJZCWvijKD2N5Xu0TtVC8/+1faWqcP9iBCWOmjmhoH94dH82BxPQ==",
        "dependencies": {}
      },
      "@esbuild/netbsd-x64@0.21.5": {
        "integrity": "sha512-Woi2MXzXjMULccIwMnLciyZH4nCIMpWQAs049KEeMvOcNADVxo0UBIQPfSmxB3CWKedngg7sWZdLvLczpe0tLg==",
        "dependencies": {}
      },
      "@esbuild/openbsd-x64@0.21.5": {
        "integrity": "sha512-HLNNw99xsvx12lFBUwoT8EVCsSvRNDVxNpjZ7bPn947b8gJPzeHWyNVhFsaerc0n3TsbOINvRP2byTZ5LKezow==",
        "dependencies": {}
      },
      "@esbuild/sunos-x64@0.21.5": {
        "integrity": "sha512-6+gjmFpfy0BHU5Tpptkuh8+uw3mnrvgs+dSPQXQOv3ekbordwnzTVEb4qnIvQcYXq6gzkyTnoZ9dZG+D4garKg==",
        "dependencies": {}
      },
      "@esbuild/win32-arm64@0.21.5": {
        "integrity": "sha512-Z0gOTd75VvXqyq7nsl93zwahcTROgqvuAcYDUr+vOv8uHhNSKROyU961kgtCD1e95IqPKSQKH7tBTslnS3tA8A==",
        "dependencies": {}
      },
      "@esbuild/win32-ia32@0.21.5": {
        "integrity": "sha512-SWXFF1CL2RVNMaVs+BBClwtfZSvDgtL//G/smwAc5oVK/UPu2Gu9tIaRgFmYFFKrmg3SyAjSrElf0TiJ1v8fYA==",
        "dependencies": {}
      },
      "@esbuild/win32-x64@0.21.5": {
        "integrity": "sha512-tQd/1efJuzPC6rCFwEvLtci/xNFcTZknmXs98FYDfGE4wP9ClFV98nyKrzJKVPMhdDnjzLhdUyMX4PsQAPjwIw==",
        "dependencies": {}
      },
      "@jest/schemas@29.6.3": {
        "integrity": "sha512-mo5j5X+jIZmJQveBKeS/clAueipV7KgiX1vMgCxam1RNYiqE1w62n0/tJJnHtjW8ZHcQco5gY85jA3mi0L+nSA==",
        "dependencies": {
          "@sinclair/typebox": "@sinclair/typebox@0.27.8"
        }
      },
      "@jridgewell/sourcemap-codec@1.5.0": {
        "integrity": "sha512-gv3ZRaISU3fjPAgNsriBRqGWQL6quFx04YMPW/zD8XMLsU32mhCCbfbO6KZFLjvYpCZ8zyDEgqsgf+PwPaM7GQ==",
        "dependencies": {}
      },
      "@noble/curves@1.4.0": {
        "integrity": "sha512-p+4cb332SFCrReJkCYe8Xzm0OWi4Jji5jVdIZRL/PmacmDkFNw6MrrV+gGpiPxLHbV+zKFRywUWbaseT+tZRXg==",
        "dependencies": {
          "@noble/hashes": "@noble/hashes@1.4.0"
        }
      },
      "@noble/hashes@1.4.0": {
        "integrity": "sha512-V1JJ1WTRUqHHrOSh597hURcMqVKVGL/ea3kv0gSnEdsEZ0/+VyPghM1lMNGc00z7CIQorSvbKpuJkxvuHbvdbg==",
        "dependencies": {}
      },
      "@noble/hashes@1.5.0": {
        "integrity": "sha512-1j6kQFb7QRru7eKN3ZDvRcP13rugwdxZqCjbiAVZfIJwgj2A65UmT4TgARXGlXgnRkORLTDTrO19ZErt7+QXgA==",
        "dependencies": {}
      },
      "@rollup/rollup-android-arm-eabi@4.23.0": {
        "integrity": "sha512-8OR+Ok3SGEMsAZispLx8jruuXw0HVF16k+ub2eNXKHDmdxL4cf9NlNpAzhlOhNyXzKDEJuFeq0nZm+XlNb1IFw==",
        "dependencies": {}
      },
      "@rollup/rollup-android-arm64@4.23.0": {
        "integrity": "sha512-rEFtX1nP8gqmLmPZsXRMoLVNB5JBwOzIAk/XAcEPuKrPa2nPJ+DuGGpfQUR0XjRm8KjHfTZLpWbKXkA5BoFL3w==",
        "dependencies": {}
      },
      "@rollup/rollup-darwin-arm64@4.23.0": {
        "integrity": "sha512-ZbqlMkJRMMPeapfaU4drYHns7Q5MIxjM/QeOO62qQZGPh9XWziap+NF9fsqPHT0KzEL6HaPspC7sOwpgyA3J9g==",
        "dependencies": {}
      },
      "@rollup/rollup-darwin-x64@4.23.0": {
        "integrity": "sha512-PfmgQp78xx5rBCgn2oYPQ1rQTtOaQCna0kRaBlc5w7RlA3TDGGo7m3XaptgitUZ54US9915i7KeVPHoy3/W8tA==",
        "dependencies": {}
      },
      "@rollup/rollup-linux-arm-gnueabihf@4.23.0": {
        "integrity": "sha512-WAeZfAAPus56eQgBioezXRRzArAjWJGjNo/M+BHZygUcs9EePIuGI1Wfc6U/Ki+tMW17FFGvhCfYnfcKPh18SA==",
        "dependencies": {}
      },
      "@rollup/rollup-linux-arm-musleabihf@4.23.0": {
        "integrity": "sha512-v7PGcp1O5XKZxKX8phTXtmJDVpE20Ub1eF6w9iMmI3qrrPak6yR9/5eeq7ziLMrMTjppkkskXyxnmm00HdtXjA==",
        "dependencies": {}
      },
      "@rollup/rollup-linux-arm64-gnu@4.23.0": {
        "integrity": "sha512-nAbWsDZ9UkU6xQiXEyXBNHAKbzSAi95H3gTStJq9UGiS1v+YVXwRHcQOQEF/3CHuhX5BVhShKoeOf6Q/1M+Zhg==",
        "dependencies": {}
      },
      "@rollup/rollup-linux-arm64-musl@4.23.0": {
        "integrity": "sha512-5QT/Di5FbGNPaVw8hHO1wETunwkPuZBIu6W+5GNArlKHD9fkMHy7vS8zGHJk38oObXfWdsuLMogD4sBySLJ54g==",
        "dependencies": {}
      },
      "@rollup/rollup-linux-powerpc64le-gnu@4.23.0": {
        "integrity": "sha512-Sefl6vPyn5axzCsO13r1sHLcmPuiSOrKIImnq34CBurntcJ+lkQgAaTt/9JkgGmaZJ+OkaHmAJl4Bfd0DmdtOQ==",
        "dependencies": {}
      },
      "@rollup/rollup-linux-riscv64-gnu@4.23.0": {
        "integrity": "sha512-o4QI2KU/QbP7ZExMse6ULotdV3oJUYMrdx3rBZCgUF3ur3gJPfe8Fuasn6tia16c5kZBBw0aTmaUygad6VB/hQ==",
        "dependencies": {}
      },
      "@rollup/rollup-linux-s390x-gnu@4.23.0": {
        "integrity": "sha512-+bxqx+V/D4FGrpXzPGKp/SEZIZ8cIW3K7wOtcJAoCrmXvzRtmdUhYNbgd+RztLzfDEfA2WtKj5F4tcbNPuqgeg==",
        "dependencies": {}
      },
      "@rollup/rollup-linux-x64-gnu@4.23.0": {
        "integrity": "sha512-I/eXsdVoCKtSgK9OwyQKPAfricWKUMNCwJKtatRYMmDo5N859tbO3UsBw5kT3dU1n6ZcM1JDzPRSGhAUkxfLxw==",
        "dependencies": {}
      },
      "@rollup/rollup-linux-x64-musl@4.23.0": {
        "integrity": "sha512-4ZoDZy5ShLbbe1KPSafbFh1vbl0asTVfkABC7eWqIs01+66ncM82YJxV2VtV3YVJTqq2P8HMx3DCoRSWB/N3rw==",
        "dependencies": {}
      },
      "@rollup/rollup-win32-arm64-msvc@4.23.0": {
        "integrity": "sha512-+5Ky8dhft4STaOEbZu3/NU4QIyYssKO+r1cD3FzuusA0vO5gso15on7qGzKdNXnc1gOrsgCqZjRw1w+zL4y4hQ==",
        "dependencies": {}
      },
      "@rollup/rollup-win32-ia32-msvc@4.23.0": {
        "integrity": "sha512-0SPJk4cPZQhq9qA1UhIRumSE3+JJIBBjtlGl5PNC///BoaByckNZd53rOYD0glpTkYFBQSt7AkMeLVPfx65+BQ==",
        "dependencies": {}
      },
      "@rollup/rollup-win32-x64-msvc@4.23.0": {
        "integrity": "sha512-lqCK5GQC8fNo0+JvTSxcG7YB1UKYp8yrNLhsArlvPWN+16ovSZgoehlVHg6X0sSWPUkpjRBR5TuR12ZugowZ4g==",
        "dependencies": {}
      },
      "@scure/base@1.1.9": {
        "integrity": "sha512-8YKhl8GHiNI/pU2VMaofa2Tor7PJRAjwQLBBuilkJ9L5+13yVbC7JO/wS7piioAvPSwR3JKM1IJ/u4xQzbcXKg==",
        "dependencies": {}
      },
      "@scure/bip32@1.4.0": {
        "integrity": "sha512-sVUpc0Vq3tXCkDGYVWGIZTRfnvu8LoTDaev7vbwh0omSvVORONr960MQWdKqJDCReIEmTj3PAr73O3aoxz7OPg==",
        "dependencies": {
          "@noble/curves": "@noble/curves@1.4.0",
          "@noble/hashes": "@noble/hashes@1.4.0",
          "@scure/base": "@scure/base@1.1.9"
        }
      },
      "@scure/bip39@1.4.0": {
        "integrity": "sha512-BEEm6p8IueV/ZTfQLp/0vhw4NPnT9oWf5+28nvmeUICjP99f4vr2d+qc7AVGDDtwRep6ifR43Yed9ERVmiITzw==",
        "dependencies": {
          "@noble/hashes": "@noble/hashes@1.5.0",
          "@scure/base": "@scure/base@1.1.9"
        }
      },
      "@sinclair/typebox@0.27.8": {
        "integrity": "sha512-+Fj43pSMwJs4KRrH/938Uf+uAELIgVBmQzg/q1YG10djyfA3TnrU8N8XzqCh/okZdszqBQTZf96idMfE5lnwTA==",
        "dependencies": {}
      },
      "@types/estree@1.0.6": {
        "integrity": "sha512-AYnb1nQyY49te+VRAVgmzfcgjYS91mY5P0TKUDCLEM+gNnA+3T6rWITXRLYCpahpqSQbN5cE+gHpnPyXjHWxcw==",
        "dependencies": {}
      },
      "@types/node@20.16.10": {
        "integrity": "sha512-vQUKgWTjEIRFCvK6CyriPH3MZYiYlNy0fKiEYHWbcoWLEgs4opurGGKlebrTLqdSMIbXImH6XExNiIyNUv3WpA==",
        "dependencies": {
          "undici-types": "undici-types@6.19.8"
        }
      },
      "@vitest/expect@1.6.0": {
        "integrity": "sha512-ixEvFVQjycy/oNgHjqsL6AZCDduC+tflRluaHIzKIsdbzkLn2U/iBnVeJwB6HsIjQBdfMR8Z0tRxKUsvFJEeWQ==",
        "dependencies": {
          "@vitest/spy": "@vitest/spy@1.6.0",
          "@vitest/utils": "@vitest/utils@1.6.0",
          "chai": "chai@4.5.0"
        }
      },
      "@vitest/runner@1.6.0": {
        "integrity": "sha512-P4xgwPjwesuBiHisAVz/LSSZtDjOTPYZVmNAnpHHSR6ONrf8eCJOFRvUwdHn30F5M1fxhqtl7QZQUk2dprIXAg==",
        "dependencies": {
          "@vitest/utils": "@vitest/utils@1.6.0",
          "p-limit": "p-limit@5.0.0",
          "pathe": "pathe@1.1.2"
        }
      },
      "@vitest/snapshot@1.6.0": {
        "integrity": "sha512-+Hx43f8Chus+DCmygqqfetcAZrDJwvTj0ymqjQq4CvmpKFSTVteEOBzCusu1x2tt4OJcvBflyHUE0DZSLgEMtQ==",
        "dependencies": {
          "magic-string": "magic-string@0.30.11",
          "pathe": "pathe@1.1.2",
          "pretty-format": "pretty-format@29.7.0"
        }
      },
      "@vitest/spy@1.6.0": {
        "integrity": "sha512-leUTap6B/cqi/bQkXUu6bQV5TZPx7pmMBKBQiI0rJA8c3pB56ZsaTbREnF7CJfmvAS4V2cXIBAh/3rVwrrCYgw==",
        "dependencies": {
          "tinyspy": "tinyspy@2.2.1"
        }
      },
      "@vitest/utils@1.6.0": {
        "integrity": "sha512-21cPiuGMoMZwiOHa2i4LXkMkMkCGzA+MVFV70jRwHo95dL4x/ts5GZhML1QWuy7yfp3WzK3lRvZi3JnXTYqrBw==",
        "dependencies": {
          "diff-sequences": "diff-sequences@29.6.3",
          "estree-walker": "estree-walker@3.0.3",
          "loupe": "loupe@2.3.7",
          "pretty-format": "pretty-format@29.7.0"
        }
      },
      "abitype@1.0.5": {
        "integrity": "sha512-YzDhti7cjlfaBhHutMaboYB21Ha3rXR9QTkNJFzYC4kC8YclaiwPBBBJY8ejFdu2wnJeZCVZSMlQJ7fi8S6hsw==",
        "dependencies": {}
      },
      "acorn-walk@8.3.4": {
        "integrity": "sha512-ueEepnujpqee2o5aIYnvHU6C0A42MNdsIDeqy5BydrkuC5R1ZuUFnm27EeFJGoEHJQgn3uleRvmTXaJgfXbt4g==",
        "dependencies": {
          "acorn": "acorn@8.12.1"
        }
      },
      "acorn@8.12.1": {
        "integrity": "sha512-tcpGyI9zbizT9JbV6oYE477V6mTlXvvi0T0G3SNIYE2apm/G5huBa1+K89VGeovbg+jycCrfhl3ADxErOuO6Jg==",
        "dependencies": {}
      },
      "ansi-styles@3.2.1": {
        "integrity": "sha512-VT0ZI6kZRdTh8YyJw3SMbYm/u+NqfsAxEpWO0Pf9sq8/e94WxxOpPKx9FR1FlyCtOVDNOQ+8ntlqFxiRc+r5qA==",
        "dependencies": {
          "color-convert": "color-convert@1.9.3"
        }
      },
      "ansi-styles@4.3.0": {
        "integrity": "sha512-zbB9rCJAT1rbjiVDb2hqKFHNYLxgtk8NURxZ3IZwD3F6NtxbXZQCnnSi1Lkx+IDohdPlFp222wVALIheZJQSEg==",
        "dependencies": {
          "color-convert": "color-convert@2.0.1"
        }
      },
      "ansi-styles@5.2.0": {
        "integrity": "sha512-Cxwpt2SfTzTtXcfOlzGEee8O+c+MmUgGrNiBcXnuWxuFJHe6a5Hz7qwhwe5OgaSYI0IJvkLqWX1ASG+cJOkEiA==",
        "dependencies": {}
      },
      "array-back@3.1.0": {
        "integrity": "sha512-TkuxA4UCOvxuDK6NZYXCalszEzj+TLszyASooky+i742l9TqsOdYCMJJupxRic61hwquNtppB3hgcuq9SVSH1Q==",
        "dependencies": {}
      },
      "array-back@4.0.2": {
        "integrity": "sha512-NbdMezxqf94cnNfWLL7V/im0Ub+Anbb0IoZhvzie8+4HJ4nMQuzHuy49FkGYCJK2yAloZ3meiB6AVMClbrI1vg==",
        "dependencies": {}
      },
      "assertion-error@1.1.0": {
        "integrity": "sha512-jgsaNduz+ndvGyFt3uSuWqvy4lCnIJiovtouQN5JZHOKCS2QuhEdbcQHFhVksz2N2U9hXJo8odG7ETyWlEeuDw==",
        "dependencies": {}
      },
      "cac@6.7.14": {
        "integrity": "sha512-b6Ilus+c3RrdDk+JhLKUAQfzzgLEPy6wcXqS7f/xe1EETvsDP6GORG7SFuOs6cID5YkqchW/LXZbX5bc8j7ZcQ==",
        "dependencies": {}
      },
      "chai@4.5.0": {
        "integrity": "sha512-RITGBfijLkBddZvnn8jdqoTypxvqbOLYQkGGxXzeFjVHvudaPw0HNFD9x928/eUwYWd2dPCugVqspGALTZZQKw==",
        "dependencies": {
          "assertion-error": "assertion-error@1.1.0",
          "check-error": "check-error@1.0.3",
          "deep-eql": "deep-eql@4.1.4",
          "get-func-name": "get-func-name@2.0.2",
          "loupe": "loupe@2.3.7",
          "pathval": "pathval@1.1.1",
          "type-detect": "type-detect@4.1.0"
        }
      },
      "chalk@2.4.2": {
        "integrity": "sha512-Mti+f9lpJNcwF4tWV8/OrTTtF1gZi+f8FqlyAdouralcFWFQWF2+NgCHShjkCb+IFBLq9buZwE1xckQU4peSuQ==",
        "dependencies": {
          "ansi-styles": "ansi-styles@3.2.1",
          "escape-string-regexp": "escape-string-regexp@1.0.5",
          "supports-color": "supports-color@5.5.0"
        }
      },
      "chalk@4.1.2": {
        "integrity": "sha512-oKnbhFyRIXpUuez8iBMmyEa4nbj4IOQyuhc/wy9kY7/WVPcwIO9VA668Pu8RkO7+0G76SLROeyw9CpQ061i4mA==",
        "dependencies": {
          "ansi-styles": "ansi-styles@4.3.0",
          "supports-color": "supports-color@7.2.0"
        }
      },
      "check-error@1.0.3": {
        "integrity": "sha512-iKEoDYaRmd1mxM90a2OEfWhjsjPpYPuQ+lMYsoxB126+t8fw7ySEO48nmDg5COTjxDI65/Y2OWpeEHk3ZOe8zg==",
        "dependencies": {
          "get-func-name": "get-func-name@2.0.2"
        }
      },
      "color-convert@1.9.3": {
        "integrity": "sha512-QfAUtd+vFdAtFQcC8CCyYt1fYWxSqAiK2cSD6zDB8N3cpsEBAvRxp9zOGg6G/SHHJYAT88/az/IuDGALsNVbGg==",
        "dependencies": {
          "color-name": "color-name@1.1.3"
        }
      },
      "color-convert@2.0.1": {
        "integrity": "sha512-RRECPsj7iu/xb5oKYcsFHSppFNnsj/52OVTRKb4zP5onXwVF3zVmmToNcOfGC+CRDpfK/U584fMg38ZHCaElKQ==",
        "dependencies": {
          "color-name": "color-name@1.1.4"
        }
      },
      "color-name@1.1.3": {
        "integrity": "sha512-72fSenhMw2HZMTVHeCA9KCmpEIbzWiQsjN+BHcBbS9vr1mtt+vJjPdksIBNUmKAW8TFUDPJK5SUU3QhE9NEXDw==",
        "dependencies": {}
      },
      "color-name@1.1.4": {
        "integrity": "sha512-dOy+3AuW3a2wNbZHIuMZpTcgjGuLU/uBL/ubcZF9OXbDo8ff4O8yVp5Bf0efS8uEoYo5q4Fx7dY9OgQGXgAsQA==",
        "dependencies": {}
      },
      "command-line-args@5.2.1": {
        "integrity": "sha512-H4UfQhZyakIjC74I9d34fGYDwk3XpSr17QhEd0Q3I9Xq1CETHo4Hcuo87WyWHpAF1aSLjLRf5lD9ZGX2qStUvg==",
        "dependencies": {
          "array-back": "array-back@3.1.0",
          "find-replace": "find-replace@3.0.0",
          "lodash.camelcase": "lodash.camelcase@4.3.0",
          "typical": "typical@4.0.0"
        }
      },
      "command-line-usage@6.1.3": {
        "integrity": "sha512-sH5ZSPr+7UStsloltmDh7Ce5fb8XPlHyoPzTpyyMuYCtervL65+ubVZ6Q61cFtFl62UyJlc8/JwERRbAFPUqgw==",
        "dependencies": {
          "array-back": "array-back@4.0.2",
          "chalk": "chalk@2.4.2",
          "table-layout": "table-layout@1.0.2",
          "typical": "typical@5.2.0"
        }
      },
      "confbox@0.1.7": {
        "integrity": "sha512-uJcB/FKZtBMCJpK8MQji6bJHgu1tixKPxRLeGkNzBoOZzpnZUJm0jm2/sBDWcuBx1dYgxV4JU+g5hmNxCyAmdA==",
        "dependencies": {}
      },
      "cross-spawn@7.0.3": {
        "integrity": "sha512-iRDPJKUPVEND7dHPO8rkbOnPpyDygcDFtWjpeWNCgy8WP2rXcxXL8TskReQl6OrB2G7+UJrags1q15Fudc7G6w==",
        "dependencies": {
          "path-key": "path-key@3.1.1",
          "shebang-command": "shebang-command@2.0.0",
          "which": "which@2.0.2"
        }
      },
      "debug@4.3.7": {
        "integrity": "sha512-Er2nc/H7RrMXZBFCEim6TCmMk02Z8vLC2Rbi1KEBggpo0fS6l0S1nnapwmIi3yW/+GOJap1Krg4w0Hg80oCqgQ==",
        "dependencies": {
          "ms": "ms@2.1.3"
        }
      },
      "deep-eql@4.1.4": {
        "integrity": "sha512-SUwdGfqdKOwxCPeVYjwSyRpJ7Z+fhpwIAtmCUdZIWZ/YP5R9WAsyuSgpLVDi9bjWoN2LXHNss/dk3urXtdQxGg==",
        "dependencies": {
          "type-detect": "type-detect@4.1.0"
        }
      },
      "deep-extend@0.6.0": {
        "integrity": "sha512-LOHxIOaPYdHlJRtCQfDIVZtfw/ufM8+rVj649RIHzcm/vGwQRXFt6OPqIFWsm2XEMrNIEtWR64sY1LEKD2vAOA==",
        "dependencies": {}
      },
      "diff-sequences@29.6.3": {
        "integrity": "sha512-EjePK1srD3P08o2j4f0ExnylqRs5B9tJjcp9t1krH2qRi8CCdsYfwe9JgSLurFBWwq4uOlipzfk5fHNvwFKr8Q==",
        "dependencies": {}
      },
      "esbuild@0.21.5": {
        "integrity": "sha512-mg3OPMV4hXywwpoDxu3Qda5xCKQi+vCTZq8S9J/EpkhB2HzKXq4SNFZE3+NK93JYxc8VMSep+lOUSC/RVKaBqw==",
        "dependencies": {
          "@esbuild/aix-ppc64": "@esbuild/aix-ppc64@0.21.5",
          "@esbuild/android-arm": "@esbuild/android-arm@0.21.5",
          "@esbuild/android-arm64": "@esbuild/android-arm64@0.21.5",
          "@esbuild/android-x64": "@esbuild/android-x64@0.21.5",
          "@esbuild/darwin-arm64": "@esbuild/darwin-arm64@0.21.5",
          "@esbuild/darwin-x64": "@esbuild/darwin-x64@0.21.5",
          "@esbuild/freebsd-arm64": "@esbuild/freebsd-arm64@0.21.5",
          "@esbuild/freebsd-x64": "@esbuild/freebsd-x64@0.21.5",
          "@esbuild/linux-arm": "@esbuild/linux-arm@0.21.5",
          "@esbuild/linux-arm64": "@esbuild/linux-arm64@0.21.5",
          "@esbuild/linux-ia32": "@esbuild/linux-ia32@0.21.5",
          "@esbuild/linux-loong64": "@esbuild/linux-loong64@0.21.5",
          "@esbuild/linux-mips64el": "@esbuild/linux-mips64el@0.21.5",
          "@esbuild/linux-ppc64": "@esbuild/linux-ppc64@0.21.5",
          "@esbuild/linux-riscv64": "@esbuild/linux-riscv64@0.21.5",
          "@esbuild/linux-s390x": "@esbuild/linux-s390x@0.21.5",
          "@esbuild/linux-x64": "@esbuild/linux-x64@0.21.5",
          "@esbuild/netbsd-x64": "@esbuild/netbsd-x64@0.21.5",
          "@esbuild/openbsd-x64": "@esbuild/openbsd-x64@0.21.5",
          "@esbuild/sunos-x64": "@esbuild/sunos-x64@0.21.5",
          "@esbuild/win32-arm64": "@esbuild/win32-arm64@0.21.5",
          "@esbuild/win32-ia32": "@esbuild/win32-ia32@0.21.5",
          "@esbuild/win32-x64": "@esbuild/win32-x64@0.21.5"
        }
      },
      "escape-string-regexp@1.0.5": {
        "integrity": "sha512-vbRorB5FUQWvla16U8R/qgaFIya2qGzwDrNmCZuYKrbdSUMG6I1ZCGQRefkRVhuOkIGVne7BQ35DSfo1qvJqFg==",
        "dependencies": {}
      },
      "estree-walker@3.0.3": {
        "integrity": "sha512-7RUKfXgSMMkzt6ZuXmqapOurLGPPfgj6l9uRZ7lRGolvk0y2yocc35LdcxKC5PQZdn2DMqioAQ2NoWcrTKmm6g==",
        "dependencies": {
          "@types/estree": "@types/estree@1.0.6"
        }
      },
      "execa@8.0.1": {
        "integrity": "sha512-VyhnebXciFV2DESc+p6B+y0LjSm0krU4OgJN44qFAhBY0TJ+1V61tYD2+wHusZ6F9n5K+vl8k0sTy7PEfV4qpg==",
        "dependencies": {
          "cross-spawn": "cross-spawn@7.0.3",
          "get-stream": "get-stream@8.0.1",
          "human-signals": "human-signals@5.0.0",
          "is-stream": "is-stream@3.0.0",
          "merge-stream": "merge-stream@2.0.0",
          "npm-run-path": "npm-run-path@5.3.0",
          "onetime": "onetime@6.0.0",
          "signal-exit": "signal-exit@4.1.0",
          "strip-final-newline": "strip-final-newline@3.0.0"
        }
      },
      "find-replace@3.0.0": {
        "integrity": "sha512-6Tb2myMioCAgv5kfvP5/PkZZ/ntTpVK39fHY7WkWBgvbeE+VHd/tZuZ4mrC+bxh4cfOZeYKVPaJIZtZXV7GNCQ==",
        "dependencies": {
          "array-back": "array-back@3.1.0"
        }
      },
      "fsevents@2.3.3": {
        "integrity": "sha512-5xoDfX+fL7faATnagmWPpbFtwh/R77WmMMqqHGS65C3vvB0YHrgF+B1YmZ3441tMj5n63k0212XNoJwzlhffQw==",
        "dependencies": {}
      },
      "get-func-name@2.0.2": {
        "integrity": "sha512-8vXOvuE167CtIc3OyItco7N/dpRtBbYOsPsXCz7X/PMnlGjYjSGuZJgM1Y7mmew7BKf9BqvLX2tnOVy1BBUsxQ==",
        "dependencies": {}
      },
      "get-stream@8.0.1": {
        "integrity": "sha512-VaUJspBffn/LMCJVoMvSAdmscJyS1auj5Zulnn5UoYcY531UWmdwhRWkcGKnGU93m5HSXP9LP2usOryrBtQowA==",
        "dependencies": {}
      },
      "has-flag@3.0.0": {
        "integrity": "sha512-sKJf1+ceQBr4SMkvQnBDNDtf4TXpVhVGateu0t918bl30FnbE2m4vNLX+VWe/dpjlb+HugGYzW7uQXH98HPEYw==",
        "dependencies": {}
      },
      "has-flag@4.0.0": {
        "integrity": "sha512-EykJT/Q1KjTWctppgIAgfSO0tKVuZUjhgMr17kqTumMl6Afv3EISleU7qZUzoXDFTAHTDC4NOoG/ZxU3EvlMPQ==",
        "dependencies": {}
      },
      "human-signals@5.0.0": {
        "integrity": "sha512-AXcZb6vzzrFAUE61HnN4mpLqd/cSIwNQjtNWR0euPm6y0iqx3G4gOXaIDdtdDwZmhwe82LA6+zinmW4UBWVePQ==",
        "dependencies": {}
      },
      "is-stream@3.0.0": {
        "integrity": "sha512-LnQR4bZ9IADDRSkvpqMGvt/tEJWclzklNgSw48V5EAaAeDd6qGvN8ei6k5p0tvxSR171VmGyHuTiAOfxAbr8kA==",
        "dependencies": {}
      },
      "isexe@2.0.0": {
        "integrity": "sha512-RHxMLp9lnKHGHRng9QFhRCMbYAcVpn69smSGcq3f36xjgVVWThj4qqLbTLlq7Ssj8B+fIQ1EuCEGI2lKsyQeIw==",
        "dependencies": {}
      },
      "isows@1.0.4_ws@8.17.1": {
        "integrity": "sha512-hEzjY+x9u9hPmBom9IIAqdJCwNLax+xrPb51vEPpERoFlIxgmZcHzsT5jKG06nvInKOBGvReAVz80Umed5CczQ==",
        "dependencies": {
          "ws": "ws@8.17.1"
        }
      },
      "js-tokens@9.0.0": {
        "integrity": "sha512-WriZw1luRMlmV3LGJaR6QOJjWwgLUTf89OwT2lUOyjX2dJGBwgmIkbcz+7WFZjrZM635JOIR517++e/67CP9dQ==",
        "dependencies": {}
      },
      "local-pkg@0.5.0": {
        "integrity": "sha512-ok6z3qlYyCDS4ZEU27HaU6x/xZa9Whf8jD4ptH5UZTQYZVYeb9bnZ3ojVhiJNLiXK1Hfc0GNbLXcmZ5plLDDBg==",
        "dependencies": {
          "mlly": "mlly@1.7.1",
          "pkg-types": "pkg-types@1.2.0"
        }
      },
      "lodash.camelcase@4.3.0": {
        "integrity": "sha512-TwuEnCnxbc3rAvhf/LbG7tJUDzhqXyFnv3dtzLOPgCG/hODL7WFnsbwktkD7yUV0RrreP/l1PALq/YSg6VvjlA==",
        "dependencies": {}
      },
      "loupe@2.3.7": {
        "integrity": "sha512-zSMINGVYkdpYSOBmLi0D1Uo7JU9nVdQKrHxC8eYlV+9YKK9WePqAlL7lSlorG/U2Fw1w0hTBmaa/jrQ3UbPHtA==",
        "dependencies": {
          "get-func-name": "get-func-name@2.0.2"
        }
      },
      "magic-string@0.30.11": {
        "integrity": "sha512-+Wri9p0QHMy+545hKww7YAu5NyzF8iomPL/RQazugQ9+Ez4Ic3mERMd8ZTX5rfK944j+560ZJi8iAwgak1Ac7A==",
        "dependencies": {
          "@jridgewell/sourcemap-codec": "@jridgewell/sourcemap-codec@1.5.0"
        }
      },
      "merge-stream@2.0.0": {
        "integrity": "sha512-abv/qOcuPfk3URPfDzmZU1LKmuw8kT+0nIHvKrKgFrwifol/doWcdA4ZqsWQ8ENrFKkd67Mfpo/LovbIUsbt3w==",
        "dependencies": {}
      },
      "mimic-fn@4.0.0": {
        "integrity": "sha512-vqiC06CuhBTUdZH+RYl8sFrL096vA45Ok5ISO6sE/Mr1jRbGH4Csnhi8f3wKVl7x8mO4Au7Ir9D3Oyv1VYMFJw==",
        "dependencies": {}
      },
      "mlly@1.7.1": {
        "integrity": "sha512-rrVRZRELyQzrIUAVMHxP97kv+G786pHmOKzuFII8zDYahFBS7qnHh2AlYSl1GAHhaMPCz6/oHjVMcfFYgFYHgA==",
        "dependencies": {
          "acorn": "acorn@8.12.1",
          "pathe": "pathe@1.1.2",
          "pkg-types": "pkg-types@1.2.0",
          "ufo": "ufo@1.5.4"
        }
      },
      "ms@2.1.3": {
        "integrity": "sha512-6FlzubTLZG3J2a/NVCAleEhjzq5oxgHyaCU9yYXvcLsvoVaHJq/s5xXI6/XXP6tz7R9xAOtHnSO/tXtF3WRTlA==",
        "dependencies": {}
      },
      "nanoid@3.3.7": {
        "integrity": "sha512-eSRppjcPIatRIMC1U6UngP8XFcz8MQWGQdt1MTBQ7NaAmvXDfvNxbvWV3x2y6CdEUciCSsDHDQZbhYaB8QEo2g==",
        "dependencies": {}
      },
      "npm-run-path@5.3.0": {
        "integrity": "sha512-ppwTtiJZq0O/ai0z7yfudtBpWIoxM8yE6nHi1X47eFR2EWORqfbu6CnPlNsjeN683eT0qG6H/Pyf9fCcvjnnnQ==",
        "dependencies": {
          "path-key": "path-key@4.0.0"
        }
      },
      "onetime@6.0.0": {
        "integrity": "sha512-1FlR+gjXK7X+AsAHso35MnyN5KqGwJRi/31ft6x0M194ht7S+rWAvd7PHss9xSKMzE0asv1pyIHaJYq+BbacAQ==",
        "dependencies": {
          "mimic-fn": "mimic-fn@4.0.0"
        }
      },
      "p-limit@5.0.0": {
        "integrity": "sha512-/Eaoq+QyLSiXQ4lyYV23f14mZRQcXnxfHrN0vCai+ak9G0pp9iEQukIIZq5NccEvwRB8PUnZT0KsOoDCINS1qQ==",
        "dependencies": {
          "yocto-queue": "yocto-queue@1.1.1"
        }
      },
      "path-key@3.1.1": {
        "integrity": "sha512-ojmeN0qd+y0jszEtoY48r0Peq5dwMEkIlCOu6Q5f41lfkswXuKtYrhgoTpLnyIcHm24Uhqx+5Tqm2InSwLhE6Q==",
        "dependencies": {}
      },
      "path-key@4.0.0": {
        "integrity": "sha512-haREypq7xkM7ErfgIyA0z+Bj4AGKlMSdlQE2jvJo6huWD1EdkKYV+G/T4nq0YEF2vgTT8kqMFKo1uHn950r4SQ==",
        "dependencies": {}
      },
      "pathe@1.1.2": {
        "integrity": "sha512-whLdWMYL2TwI08hn8/ZqAbrVemu0LNaNNJZX73O6qaIdCTfXutsLhMkjdENX0qhsQ9uIimo4/aQOmXkoon2nDQ==",
        "dependencies": {}
      },
      "pathval@1.1.1": {
        "integrity": "sha512-Dp6zGqpTdETdR63lehJYPeIOqpiNBNtc7BpWSLrOje7UaIsE5aY92r/AunQA7rsXvet3lrJ3JnZX29UPTKXyKQ==",
        "dependencies": {}
      },
      "picocolors@1.1.0": {
        "integrity": "sha512-TQ92mBOW0l3LeMeyLV6mzy/kWr8lkd/hp3mTg7wYK7zJhuBStmGMBG0BdeDZS/dZx1IukaX6Bk11zcln25o1Aw==",
        "dependencies": {}
      },
      "pkg-types@1.2.0": {
        "integrity": "sha512-+ifYuSSqOQ8CqP4MbZA5hDpb97n3E8SVWdJe+Wms9kj745lmd3b7EZJiqvmLwAlmRfjrI7Hi5z3kdBJ93lFNPA==",
        "dependencies": {
          "confbox": "confbox@0.1.7",
          "mlly": "mlly@1.7.1",
          "pathe": "pathe@1.1.2"
        }
      },
      "postcss@8.4.47": {
        "integrity": "sha512-56rxCq7G/XfB4EkXq9Egn5GCqugWvDFjafDOThIdMBsI15iqPqR5r15TfSr1YPYeEI19YeaXMCbY6u88Y76GLQ==",
        "dependencies": {
          "nanoid": "nanoid@3.3.7",
          "picocolors": "picocolors@1.1.0",
          "source-map-js": "source-map-js@1.2.1"
        }
      },
      "pretty-format@29.7.0": {
        "integrity": "sha512-Pdlw/oPxN+aXdmM9R00JVC9WVFoCLTKJvDVLgmJ+qAffBMxsV85l/Lu7sNx4zSzPyoL2euImuEwHhOXdEgNFZQ==",
        "dependencies": {
          "@jest/schemas": "@jest/schemas@29.6.3",
          "ansi-styles": "ansi-styles@5.2.0",
          "react-is": "react-is@18.3.1"
        }
      },
      "react-is@18.3.1": {
        "integrity": "sha512-/LLMVyas0ljjAtoYiPqYiL8VWXzUUdThrmU5+n20DZv+a+ClRoevUzw5JxU+Ieh5/c87ytoTBV9G1FiKfNJdmg==",
        "dependencies": {}
      },
      "reduce-flatten@2.0.0": {
        "integrity": "sha512-EJ4UNY/U1t2P/2k6oqotuX2Cc3T6nxJwsM0N0asT7dhrtH1ltUxDn4NalSYmPE2rCkVpcf/X6R0wDwcFpzhd4w==",
        "dependencies": {}
      },
      "rollup@4.23.0": {
        "integrity": "sha512-vXB4IT9/KLDrS2WRXmY22sVB2wTsTwkpxjB8Q3mnakTENcYw3FRmfdYDy/acNmls+lHmDazgrRjK/yQ6hQAtwA==",
        "dependencies": {
          "@rollup/rollup-android-arm-eabi": "@rollup/rollup-android-arm-eabi@4.23.0",
          "@rollup/rollup-android-arm64": "@rollup/rollup-android-arm64@4.23.0",
          "@rollup/rollup-darwin-arm64": "@rollup/rollup-darwin-arm64@4.23.0",
          "@rollup/rollup-darwin-x64": "@rollup/rollup-darwin-x64@4.23.0",
          "@rollup/rollup-linux-arm-gnueabihf": "@rollup/rollup-linux-arm-gnueabihf@4.23.0",
          "@rollup/rollup-linux-arm-musleabihf": "@rollup/rollup-linux-arm-musleabihf@4.23.0",
          "@rollup/rollup-linux-arm64-gnu": "@rollup/rollup-linux-arm64-gnu@4.23.0",
          "@rollup/rollup-linux-arm64-musl": "@rollup/rollup-linux-arm64-musl@4.23.0",
          "@rollup/rollup-linux-powerpc64le-gnu": "@rollup/rollup-linux-powerpc64le-gnu@4.23.0",
          "@rollup/rollup-linux-riscv64-gnu": "@rollup/rollup-linux-riscv64-gnu@4.23.0",
          "@rollup/rollup-linux-s390x-gnu": "@rollup/rollup-linux-s390x-gnu@4.23.0",
          "@rollup/rollup-linux-x64-gnu": "@rollup/rollup-linux-x64-gnu@4.23.0",
          "@rollup/rollup-linux-x64-musl": "@rollup/rollup-linux-x64-musl@4.23.0",
          "@rollup/rollup-win32-arm64-msvc": "@rollup/rollup-win32-arm64-msvc@4.23.0",
          "@rollup/rollup-win32-ia32-msvc": "@rollup/rollup-win32-ia32-msvc@4.23.0",
          "@rollup/rollup-win32-x64-msvc": "@rollup/rollup-win32-x64-msvc@4.23.0",
          "@types/estree": "@types/estree@1.0.6",
          "fsevents": "fsevents@2.3.3"
        }
      },
      "shebang-command@2.0.0": {
        "integrity": "sha512-kHxr2zZpYtdmrN1qDjrrX/Z1rR1kG8Dx+gkpK1G4eXmvXswmcE1hTWBWYUzlraYw1/yZp6YuDY77YtvbN0dmDA==",
        "dependencies": {
          "shebang-regex": "shebang-regex@3.0.0"
        }
      },
      "shebang-regex@3.0.0": {
        "integrity": "sha512-7++dFhtcx3353uBaq8DDR4NuxBetBzC7ZQOhmTQInHEd6bSrXdiEyzCvG07Z44UYdLShWUyXt5M/yhz8ekcb1A==",
        "dependencies": {}
      },
      "siginfo@2.0.0": {
        "integrity": "sha512-ybx0WO1/8bSBLEWXZvEd7gMW3Sn3JFlW3TvX1nREbDLRNQNaeNN8WK0meBwPdAaOI7TtRRRJn/Es1zhrrCHu7g==",
        "dependencies": {}
      },
      "signal-exit@4.1.0": {
        "integrity": "sha512-bzyZ1e88w9O1iNJbKnOlvYTrWPDl46O1bG0D3XInv+9tkPrxrN8jUUTiFlDkkmKWgn1M6CfIA13SuGqOa9Korw==",
        "dependencies": {}
      },
      "source-map-js@1.2.1": {
        "integrity": "sha512-UXWMKhLOwVKb728IUtQPXxfYU+usdybtUrK/8uGE8CQMvrhOpwvzDBwj0QhSL7MQc7vIsISBG8VQ8+IDQxpfQA==",
        "dependencies": {}
      },
      "stackback@0.0.2": {
        "integrity": "sha512-1XMJE5fQo1jGH6Y/7ebnwPOBEkIEnT4QF32d5R1+VXdXveM0IBMJt8zfaxX1P3QhVwrYe+576+jkANtSS2mBbw==",
        "dependencies": {}
      },
      "std-env@3.7.0": {
        "integrity": "sha512-JPbdCEQLj1w5GilpiHAx3qJvFndqybBysA3qUOnznweH4QbNYUsW/ea8QzSrnh0vNsezMMw5bcVool8lM0gwzg==",
        "dependencies": {}
      },
      "string-format@2.0.0": {
        "integrity": "sha512-bbEs3scLeYNXLecRRuk6uJxdXUSj6le/8rNPHChIJTn2V79aXVTR1EH2OH5zLKKoz0V02fOUKZZcw01pLUShZA==",
        "dependencies": {}
      },
      "strip-final-newline@3.0.0": {
        "integrity": "sha512-dOESqjYr96iWYylGObzd39EuNTa5VJxyvVAEm5Jnh7KGo75V43Hk1odPQkNDyXNmUR6k+gEiDVXnjB8HJ3crXw==",
        "dependencies": {}
      },
      "strip-literal@2.1.0": {
        "integrity": "sha512-Op+UycaUt/8FbN/Z2TWPBLge3jWrP3xj10f3fnYxf052bKuS3EKs1ZQcVGjnEMdsNVAM+plXRdmjrZ/KgG3Skw==",
        "dependencies": {
          "js-tokens": "js-tokens@9.0.0"
        }
      },
      "supports-color@5.5.0": {
        "integrity": "sha512-QjVjwdXIt408MIiAqCX4oUKsgU2EqAGzs2Ppkm4aQYbjm+ZEWEcW4SfFNTr4uMNZma0ey4f5lgLrkB0aX0QMow==",
        "dependencies": {
          "has-flag": "has-flag@3.0.0"
        }
      },
      "supports-color@7.2.0": {
        "integrity": "sha512-qpCAvRl9stuOHveKsn7HncJRvv501qIacKzQlO/+Lwxc9+0q2wLyv4Dfvt80/DPn2pqOBsJdDiogXGR9+OvwRw==",
        "dependencies": {
          "has-flag": "has-flag@4.0.0"
        }
      },
      "table-layout@1.0.2": {
        "integrity": "sha512-qd/R7n5rQTRFi+Zf2sk5XVVd9UQl6ZkduPFC3S7WEGJAmetDTjY3qPN50eSKzwuzEyQKy5TN2TiZdkIjos2L6A==",
        "dependencies": {
          "array-back": "array-back@4.0.2",
          "deep-extend": "deep-extend@0.6.0",
          "typical": "typical@5.2.0",
          "wordwrapjs": "wordwrapjs@4.0.1"
        }
      },
      "tinybench@2.9.0": {
        "integrity": "sha512-0+DUvqWMValLmha6lr4kD8iAMK1HzV0/aKnCtWb9v9641TnP/MFb7Pc2bxoxQjTXAErryXVgUOfv2YqNllqGeg==",
        "dependencies": {}
      },
      "tinypool@0.8.4": {
        "integrity": "sha512-i11VH5gS6IFeLY3gMBQ00/MmLncVP7JLXOw1vlgkytLmJK7QnEr7NXf0LBdxfmNPAeyetukOk0bOYrJrFGjYJQ==",
        "dependencies": {}
      },
      "tinyspy@2.2.1": {
        "integrity": "sha512-KYad6Vy5VDWV4GH3fjpseMQ/XU2BhIYP7Vzd0LG44qRWm/Yt2WCOTicFdvmgo6gWaqooMQCawTtILVQJupKu7A==",
        "dependencies": {}
      },
      "ts-command-line-args@2.5.1": {
        "integrity": "sha512-H69ZwTw3rFHb5WYpQya40YAX2/w7Ut75uUECbgBIsLmM+BNuYnxsltfyyLMxy6sEeKxgijLTnQtLd0nKd6+IYw==",
        "dependencies": {
          "chalk": "chalk@4.1.2",
          "command-line-args": "command-line-args@5.2.1",
          "command-line-usage": "command-line-usage@6.1.3",
          "string-format": "string-format@2.0.0"
        }
      },
      "type-detect@4.1.0": {
        "integrity": "sha512-Acylog8/luQ8L7il+geoSxhEkazvkslg7PSNKOX59mbB9cOveP5aq9h74Y7YU8yDpJwetzQQrfIwtf4Wp4LKcw==",
        "dependencies": {}
      },
      "typical@4.0.0": {
        "integrity": "sha512-VAH4IvQ7BDFYglMd7BPRDfLgxZZX4O4TFcRDA6EN5X7erNJJq+McIEp8np9aVtxrCJ6qx4GTYVfOWNjcqwZgRw==",
        "dependencies": {}
      },
      "typical@5.2.0": {
        "integrity": "sha512-dvdQgNDNJo+8B2uBQoqdb11eUCE1JQXhvjC/CZtgvZseVd5TYMXnq0+vuUemXbd/Se29cTaUuPX3YIc2xgbvIg==",
        "dependencies": {}
      },
      "ufo@1.5.4": {
        "integrity": "sha512-UsUk3byDzKd04EyoZ7U4DOlxQaD14JUKQl6/P7wiX4FNvUfm3XL246n9W5AmqwW5RSFJ27NAuM0iLscAOYUiGQ==",
        "dependencies": {}
      },
      "undici-types@6.19.8": {
        "integrity": "sha512-ve2KP6f/JnbPBFyobGHuerC9g1FYGn/F8n1LWTwNxCEzd6IfqTwUQcNXgEtmmQ6DlRrC1hrSrBnCZPokRrDHjw==",
        "dependencies": {}
      },
      "viem@2.21.16_ws@8.17.1": {
        "integrity": "sha512-SvhaPzTj3a+zR/5OmtJ0acjA6oGDrgPg4vtO8KboXtvbjksXEkz+oFaNjZDgxpkqbps2SLi8oPCjdpRm6WgDmw==",
        "dependencies": {
          "@adraffy/ens-normalize": "@adraffy/ens-normalize@1.10.0",
          "@noble/curves": "@noble/curves@1.4.0",
          "@noble/hashes": "@noble/hashes@1.4.0",
          "@scure/bip32": "@scure/bip32@1.4.0",
          "@scure/bip39": "@scure/bip39@1.4.0",
          "abitype": "abitype@1.0.5",
          "isows": "isows@1.0.4_ws@8.17.1",
          "webauthn-p256": "webauthn-p256@0.0.5",
          "ws": "ws@8.17.1"
        }
      },
      "vite-node@1.6.0_@types+node@20.16.10": {
        "integrity": "sha512-de6HJgzC+TFzOu0NTC4RAIsyf/DY/ibWDYQUcuEA84EMHhcefTUGkjFHKKEJhQN4A+6I0u++kr3l36ZF2d7XRw==",
        "dependencies": {
          "cac": "cac@6.7.14",
          "debug": "debug@4.3.7",
          "pathe": "pathe@1.1.2",
          "picocolors": "picocolors@1.1.0",
          "vite": "vite@5.4.8_@types+node@20.16.10"
        }
      },
      "vite@5.4.8_@types+node@20.16.10": {
        "integrity": "sha512-FqrItQ4DT1NC4zCUqMB4c4AZORMKIa0m8/URVCZ77OZ/QSNeJ54bU1vrFADbDsuwfIPcgknRkmqakQcgnL4GiQ==",
        "dependencies": {
          "@types/node": "@types/node@20.16.10",
          "esbuild": "esbuild@0.21.5",
          "fsevents": "fsevents@2.3.3",
          "postcss": "postcss@8.4.47",
          "rollup": "rollup@4.23.0"
        }
      },
      "vitest@1.6.0_@types+node@20.16.10": {
        "integrity": "sha512-H5r/dN06swuFnzNFhq/dnz37bPXnq8xB2xB5JOVk8K09rUtoeNN+LHWkoQ0A/i3hvbUKKcCei9KpbxqHMLhLLA==",
        "dependencies": {
          "@types/node": "@types/node@20.16.10",
          "@vitest/expect": "@vitest/expect@1.6.0",
          "@vitest/runner": "@vitest/runner@1.6.0",
          "@vitest/snapshot": "@vitest/snapshot@1.6.0",
          "@vitest/spy": "@vitest/spy@1.6.0",
          "@vitest/utils": "@vitest/utils@1.6.0",
          "acorn-walk": "acorn-walk@8.3.4",
          "chai": "chai@4.5.0",
          "debug": "debug@4.3.7",
          "execa": "execa@8.0.1",
          "local-pkg": "local-pkg@0.5.0",
          "magic-string": "magic-string@0.30.11",
          "pathe": "pathe@1.1.2",
          "picocolors": "picocolors@1.1.0",
          "std-env": "std-env@3.7.0",
          "strip-literal": "strip-literal@2.1.0",
          "tinybench": "tinybench@2.9.0",
          "tinypool": "tinypool@0.8.4",
          "vite": "vite@5.4.8_@types+node@20.16.10",
          "vite-node": "vite-node@1.6.0_@types+node@20.16.10",
          "why-is-node-running": "why-is-node-running@2.3.0"
        }
      },
      "webauthn-p256@0.0.5": {
        "integrity": "sha512-drMGNWKdaixZNobeORVIqq7k5DsRC9FnG201K2QjeOoQLmtSDaSsVZdkg6n5jUALJKcAG++zBPJXmv6hy0nWFg==",
        "dependencies": {
          "@noble/curves": "@noble/curves@1.4.0",
          "@noble/hashes": "@noble/hashes@1.5.0"
        }
      },
      "which@2.0.2": {
        "integrity": "sha512-BLI3Tl1TW3Pvl70l3yq3Y64i+awpwXqsGBYWkkqMtnbXgrMD+yj7rhW0kuEDxzJaYXGjEW5ogapKNMEKNMjibA==",
        "dependencies": {
          "isexe": "isexe@2.0.0"
        }
      },
      "why-is-node-running@2.3.0": {
        "integrity": "sha512-hUrmaWBdVDcxvYqnyh09zunKzROWjbZTiNy8dBEjkS7ehEDQibXJ7XvlmtbwuTclUiIyN+CyXQD4Vmko8fNm8w==",
        "dependencies": {
          "siginfo": "siginfo@2.0.0",
          "stackback": "stackback@0.0.2"
        }
      },
      "wordwrapjs@4.0.1": {
        "integrity": "sha512-kKlNACbvHrkpIw6oPeYDSmdCTu2hdMHoyXLTcUKala++lx5Y+wjJ/e474Jqv5abnVmwxw08DiTuHmw69lJGksA==",
        "dependencies": {
          "reduce-flatten": "reduce-flatten@2.0.0",
          "typical": "typical@5.2.0"
        }
      },
      "ws@8.17.1": {
        "integrity": "sha512-6XQFvXTkbfUOZOKKILFG1PDK2NDQs4azKQl26T0YS5CxqWLgXajbPZ+h4gZekJyRqFU8pvnbAbbs/3TgRPy+GQ==",
        "dependencies": {}
      },
      "yocto-queue@1.1.1": {
        "integrity": "sha512-b4JR1PFR10y1mKjhHY9LaGo6tmrgjit7hxVIeAmyMw3jegXR4dhYqLaQF5zMXZxY7tLpMyJeLjr1C4rLmkVe8g==",
        "dependencies": {}
      }
    }
  },
  "remote": {},
  "workspace": {
    "packageJson": {
      "dependencies": [
        "npm:@types/node@^20.12.7",
        "npm:ts-command-line-args@^2.5.1",
        "npm:viem@^2.9.16",
        "npm:vitest@^1.5.0"
      ]
    }
  }
}
