{
  "version": "5",
  "specifiers": {
    "jsr:@std/assert@^1.0.13": "1.0.13",
    "jsr:@std/internal@^1.0.6": "1.0.10",
    "jsr:@wevm/viem@^2.33.1": "2.33.1",
    "npm:@noble/curves@1.9.2": "1.9.2",
    "npm:@noble/hashes@1.8.0": "1.8.0",
    "npm:@safe-global/api-kit@4": "4.0.0",
    "npm:@safe-global/types-kit@3": "3.0.0",
    "npm:@scure/bip32@1.7.0": "1.7.0",
    "npm:@scure/bip39@1.6.0": "1.6.0",
    "npm:@types/node@^24.1.0": "24.1.0",
    "npm:abitype@1.0.8": "1.0.8",
    "npm:isows@1.0.7": "1.0.7_ws@8.18.2",
    "npm:ox@0.8.1": "0.8.1",
    "npm:ts-command-line-args@^2.5.1": "2.5.1",
    "npm:viem@^2.33.1": "2.33.1_ws@8.18.2",
    "npm:vitest@^3.2.4": "3.2.4_@types+node@24.1.0_vite@7.0.6__@types+node@24.1.0__picomatch@4.0.3"
  },
  "jsr": {
    "@std/assert@1.0.13": {
      "integrity": "ae0d31e41919b12c656c742b22522c32fb26ed0cba32975cb0de2a273cb68b29",
      "dependencies": [
        "jsr:@std/internal"
      ]
    },
    "@std/internal@1.0.10": {
      "integrity": "e3be62ce42cab0e177c27698e5d9800122f67b766a0bea6ca4867886cbde8cf7"
    },
    "@wevm/viem@2.33.1": {
      "integrity": "979b56b58789cc66b1628234e2912abd883e569a4a730edc95869f255e99e8da",
      "dependencies": [
        "npm:@noble/curves",
        "npm:@noble/hashes",
        "npm:@scure/bip32",
        "npm:@scure/bip39",
        "npm:abitype",
        "npm:isows",
        "npm:ox"
      ]
    }
  },
  "npm": {
    "@adraffy/ens-normalize@1.11.0": {
      "integrity": "sha512-/3DDPKHqqIqxUULp8yP4zODUY1i+2xvVWsv8A79xGWdCAG+8sb0hRh0Rk2QyOJUnnbyPUAZYcpBuRe3nS2OIUg=="
    },
    "@esbuild/aix-ppc64@0.25.8": {
      "integrity": "sha512-urAvrUedIqEiFR3FYSLTWQgLu5tb+m0qZw0NBEasUeo6wuqatkMDaRT+1uABiGXEu5vqgPd7FGE1BhsAIy9QVA==",
      "os": ["aix"],
      "cpu": ["ppc64"]
    },
    "@esbuild/android-arm64@0.25.8": {
      "integrity": "sha512-OD3p7LYzWpLhZEyATcTSJ67qB5D+20vbtr6vHlHWSQYhKtzUYrETuWThmzFpZtFsBIxRvhO07+UgVA9m0i/O1w==",
      "os": ["android"],
      "cpu": ["arm64"]
    },
    "@esbuild/android-arm@0.25.8": {
      "integrity": "sha512-RONsAvGCz5oWyePVnLdZY/HHwA++nxYWIX1atInlaW6SEkwq6XkP3+cb825EUcRs5Vss/lGh/2YxAb5xqc07Uw==",
      "os": ["android"],
      "cpu": ["arm"]
    },
    "@esbuild/android-x64@0.25.8": {
      "integrity": "sha512-yJAVPklM5+4+9dTeKwHOaA+LQkmrKFX96BM0A/2zQrbS6ENCmxc4OVoBs5dPkCCak2roAD+jKCdnmOqKszPkjA==",
      "os": ["android"],
      "cpu": ["x64"]
    },
    "@esbuild/darwin-arm64@0.25.8": {
      "integrity": "sha512-Jw0mxgIaYX6R8ODrdkLLPwBqHTtYHJSmzzd+QeytSugzQ0Vg4c5rDky5VgkoowbZQahCbsv1rT1KW72MPIkevw==",
      "os": ["darwin"],
      "cpu": ["arm64"]
    },
    "@esbuild/darwin-x64@0.25.8": {
      "integrity": "sha512-Vh2gLxxHnuoQ+GjPNvDSDRpoBCUzY4Pu0kBqMBDlK4fuWbKgGtmDIeEC081xi26PPjn+1tct+Bh8FjyLlw1Zlg==",
      "os": ["darwin"],
      "cpu": ["x64"]
    },
    "@esbuild/freebsd-arm64@0.25.8": {
      "integrity": "sha512-YPJ7hDQ9DnNe5vxOm6jaie9QsTwcKedPvizTVlqWG9GBSq+BuyWEDazlGaDTC5NGU4QJd666V0yqCBL2oWKPfA==",
      "os": ["freebsd"],
      "cpu": ["arm64"]
    },
    "@esbuild/freebsd-x64@0.25.8": {
      "integrity": "sha512-MmaEXxQRdXNFsRN/KcIimLnSJrk2r5H8v+WVafRWz5xdSVmWLoITZQXcgehI2ZE6gioE6HirAEToM/RvFBeuhw==",
      "os": ["freebsd"],
      "cpu": ["x64"]
    },
    "@esbuild/linux-arm64@0.25.8": {
      "integrity": "sha512-WIgg00ARWv/uYLU7lsuDK00d/hHSfES5BzdWAdAig1ioV5kaFNrtK8EqGcUBJhYqotlUByUKz5Qo6u8tt7iD/w==",
      "os": ["linux"],
      "cpu": ["arm64"]
    },
    "@esbuild/linux-arm@0.25.8": {
      "integrity": "sha512-FuzEP9BixzZohl1kLf76KEVOsxtIBFwCaLupVuk4eFVnOZfU+Wsn+x5Ryam7nILV2pkq2TqQM9EZPsOBuMC+kg==",
      "os": ["linux"],
      "cpu": ["arm"]
    },
    "@esbuild/linux-ia32@0.25.8": {
      "integrity": "sha512-A1D9YzRX1i+1AJZuFFUMP1E9fMaYY+GnSQil9Tlw05utlE86EKTUA7RjwHDkEitmLYiFsRd9HwKBPEftNdBfjg==",
      "os": ["linux"],
      "cpu": ["ia32"]
    },
    "@esbuild/linux-loong64@0.25.8": {
      "integrity": "sha512-O7k1J/dwHkY1RMVvglFHl1HzutGEFFZ3kNiDMSOyUrB7WcoHGf96Sh+64nTRT26l3GMbCW01Ekh/ThKM5iI7hQ==",
      "os": ["linux"],
      "cpu": ["loong64"]
    },
    "@esbuild/linux-mips64el@0.25.8": {
      "integrity": "sha512-uv+dqfRazte3BzfMp8PAQXmdGHQt2oC/y2ovwpTteqrMx2lwaksiFZ/bdkXJC19ttTvNXBuWH53zy/aTj1FgGw==",
      "os": ["linux"],
      "cpu": ["mips64el"]
    },
    "@esbuild/linux-ppc64@0.25.8": {
      "integrity": "sha512-GyG0KcMi1GBavP5JgAkkstMGyMholMDybAf8wF5A70CALlDM2p/f7YFE7H92eDeH/VBtFJA5MT4nRPDGg4JuzQ==",
      "os": ["linux"],
      "cpu": ["ppc64"]
    },
    "@esbuild/linux-riscv64@0.25.8": {
      "integrity": "sha512-rAqDYFv3yzMrq7GIcen3XP7TUEG/4LK86LUPMIz6RT8A6pRIDn0sDcvjudVZBiiTcZCY9y2SgYX2lgK3AF+1eg==",
      "os": ["linux"],
      "cpu": ["riscv64"]
    },
    "@esbuild/linux-s390x@0.25.8": {
      "integrity": "sha512-Xutvh6VjlbcHpsIIbwY8GVRbwoviWT19tFhgdA7DlenLGC/mbc3lBoVb7jxj9Z+eyGqvcnSyIltYUrkKzWqSvg==",
      "os": ["linux"],
      "cpu": ["s390x"]
    },
    "@esbuild/linux-x64@0.25.8": {
      "integrity": "sha512-ASFQhgY4ElXh3nDcOMTkQero4b1lgubskNlhIfJrsH5OKZXDpUAKBlNS0Kx81jwOBp+HCeZqmoJuihTv57/jvQ==",
      "os": ["linux"],
      "cpu": ["x64"]
    },
    "@esbuild/netbsd-arm64@0.25.8": {
      "integrity": "sha512-d1KfruIeohqAi6SA+gENMuObDbEjn22olAR7egqnkCD9DGBG0wsEARotkLgXDu6c4ncgWTZJtN5vcgxzWRMzcw==",
      "os": ["netbsd"],
      "cpu": ["arm64"]
    },
    "@esbuild/netbsd-x64@0.25.8": {
      "integrity": "sha512-nVDCkrvx2ua+XQNyfrujIG38+YGyuy2Ru9kKVNyh5jAys6n+l44tTtToqHjino2My8VAY6Lw9H7RI73XFi66Cg==",
      "os": ["netbsd"],
      "cpu": ["x64"]
    },
    "@esbuild/openbsd-arm64@0.25.8": {
      "integrity": "sha512-j8HgrDuSJFAujkivSMSfPQSAa5Fxbvk4rgNAS5i3K+r8s1X0p1uOO2Hl2xNsGFppOeHOLAVgYwDVlmxhq5h+SQ==",
      "os": ["openbsd"],
      "cpu": ["arm64"]
    },
    "@esbuild/openbsd-x64@0.25.8": {
      "integrity": "sha512-1h8MUAwa0VhNCDp6Af0HToI2TJFAn1uqT9Al6DJVzdIBAd21m/G0Yfc77KDM3uF3T/YaOgQq3qTJHPbTOInaIQ==",
      "os": ["openbsd"],
      "cpu": ["x64"]
    },
    "@esbuild/openharmony-arm64@0.25.8": {
      "integrity": "sha512-r2nVa5SIK9tSWd0kJd9HCffnDHKchTGikb//9c7HX+r+wHYCpQrSgxhlY6KWV1nFo1l4KFbsMlHk+L6fekLsUg==",
      "os": ["openharmony"],
      "cpu": ["arm64"]
    },
    "@esbuild/sunos-x64@0.25.8": {
      "integrity": "sha512-zUlaP2S12YhQ2UzUfcCuMDHQFJyKABkAjvO5YSndMiIkMimPmxA+BYSBikWgsRpvyxuRnow4nS5NPnf9fpv41w==",
      "os": ["sunos"],
      "cpu": ["x64"]
    },
    "@esbuild/win32-arm64@0.25.8": {
      "integrity": "sha512-YEGFFWESlPva8hGL+zvj2z/SaK+pH0SwOM0Nc/d+rVnW7GSTFlLBGzZkuSU9kFIGIo8q9X3ucpZhu8PDN5A2sQ==",
      "os": ["win32"],
      "cpu": ["arm64"]
    },
    "@esbuild/win32-ia32@0.25.8": {
      "integrity": "sha512-hiGgGC6KZ5LZz58OL/+qVVoZiuZlUYlYHNAmczOm7bs2oE1XriPFi5ZHHrS8ACpV5EjySrnoCKmcbQMN+ojnHg==",
      "os": ["win32"],
      "cpu": ["ia32"]
    },
    "@esbuild/win32-x64@0.25.8": {
      "integrity": "sha512-cn3Yr7+OaaZq1c+2pe+8yxC8E144SReCQjN6/2ynubzYjvyqZjTXfQJpAcQpsdJq3My7XADANiYGHoFC69pLQw==",
      "os": ["win32"],
      "cpu": ["x64"]
    },
    "@jridgewell/sourcemap-codec@1.5.4": {
      "integrity": "sha512-VT2+G1VQs/9oz078bLrYbecdZKs912zQlkelYpuf+SXF+QvZDYJlbx/LSx+meSAwdDFnF8FVXW92AVjjkVmgFw=="
    },
    "@noble/ciphers@1.3.0": {
      "integrity": "sha512-2I0gnIVPtfnMw9ee9h1dJG7tp81+8Ob3OJb3Mv37rx5L40/b0i7djjCVvGOVqc9AEIQyvyu1i6ypKdFw8R8gQw=="
    },
    "@noble/curves@1.9.2": {
      "integrity": "sha512-HxngEd2XUcg9xi20JkwlLCtYwfoFw4JGkuZpT+WlsPD4gB/cxkvTD8fSsoAnphGZhFdZYKeQIPCuFlWPm1uE0g==",
      "dependencies": [
        "@noble/hashes"
      ]
    },
    "@noble/hashes@1.8.0": {
      "integrity": "sha512-jCs9ldd7NwzpgXDIf6P3+NrHh9/sD6CQdxHyjQI+h/6rDNo88ypBxxz45UDuZHz9r3tNz7N/VInSVoVdtXEI4A=="
    },
    "@peculiar/asn1-schema@2.3.15": {
      "integrity": "sha512-QPeD8UA8axQREpgR5UTAfu2mqQmm97oUqahDtNdBcfj3qAnoXzFdQW+aNf/tD2WVXF8Fhmftxoj0eMIT++gX2w==",
      "dependencies": [
        "asn1js",
        "pvtsutils",
        "tslib"
      ]
    },
    "@rollup/rollup-android-arm-eabi@4.46.2": {
      "integrity": "sha512-Zj3Hl6sN34xJtMv7Anwb5Gu01yujyE/cLBDB2gnHTAHaWS1Z38L7kuSG+oAh0giZMqG060f/YBStXtMH6FvPMA==",
      "os": ["android"],
      "cpu": ["arm"]
    },
    "@rollup/rollup-android-arm64@4.46.2": {
      "integrity": "sha512-nTeCWY83kN64oQ5MGz3CgtPx8NSOhC5lWtsjTs+8JAJNLcP3QbLCtDDgUKQc/Ro/frpMq4SHUaHN6AMltcEoLQ==",
      "os": ["android"],
      "cpu": ["arm64"]
    },
    "@rollup/rollup-darwin-arm64@4.46.2": {
      "integrity": "sha512-HV7bW2Fb/F5KPdM/9bApunQh68YVDU8sO8BvcW9OngQVN3HHHkw99wFupuUJfGR9pYLLAjcAOA6iO+evsbBaPQ==",
      "os": ["darwin"],
      "cpu": ["arm64"]
    },
    "@rollup/rollup-darwin-x64@4.46.2": {
      "integrity": "sha512-SSj8TlYV5nJixSsm/y3QXfhspSiLYP11zpfwp6G/YDXctf3Xkdnk4woJIF5VQe0of2OjzTt8EsxnJDCdHd2xMA==",
      "os": ["darwin"],
      "cpu": ["x64"]
    },
    "@rollup/rollup-freebsd-arm64@4.46.2": {
      "integrity": "sha512-ZyrsG4TIT9xnOlLsSSi9w/X29tCbK1yegE49RYm3tu3wF1L/B6LVMqnEWyDB26d9Ecx9zrmXCiPmIabVuLmNSg==",
      "os": ["freebsd"],
      "cpu": ["arm64"]
    },
    "@rollup/rollup-freebsd-x64@4.46.2": {
      "integrity": "sha512-pCgHFoOECwVCJ5GFq8+gR8SBKnMO+xe5UEqbemxBpCKYQddRQMgomv1104RnLSg7nNvgKy05sLsY51+OVRyiVw==",
      "os": ["freebsd"],
      "cpu": ["x64"]
    },
    "@rollup/rollup-linux-arm-gnueabihf@4.46.2": {
      "integrity": "sha512-EtP8aquZ0xQg0ETFcxUbU71MZlHaw9MChwrQzatiE8U/bvi5uv/oChExXC4mWhjiqK7azGJBqU0tt5H123SzVA==",
      "os": ["linux"],
      "cpu": ["arm"]
    },
    "@rollup/rollup-linux-arm-musleabihf@4.46.2": {
      "integrity": "sha512-qO7F7U3u1nfxYRPM8HqFtLd+raev2K137dsV08q/LRKRLEc7RsiDWihUnrINdsWQxPR9jqZ8DIIZ1zJJAm5PjQ==",
      "os": ["linux"],
      "cpu": ["arm"]
    },
    "@rollup/rollup-linux-arm64-gnu@4.46.2": {
      "integrity": "sha512-3dRaqLfcOXYsfvw5xMrxAk9Lb1f395gkoBYzSFcc/scgRFptRXL9DOaDpMiehf9CO8ZDRJW2z45b6fpU5nwjng==",
      "os": ["linux"],
      "cpu": ["arm64"]
    },
    "@rollup/rollup-linux-arm64-musl@4.46.2": {
      "integrity": "sha512-fhHFTutA7SM+IrR6lIfiHskxmpmPTJUXpWIsBXpeEwNgZzZZSg/q4i6FU4J8qOGyJ0TR+wXBwx/L7Ho9z0+uDg==",
      "os": ["linux"],
      "cpu": ["arm64"]
    },
    "@rollup/rollup-linux-loongarch64-gnu@4.46.2": {
      "integrity": "sha512-i7wfGFXu8x4+FRqPymzjD+Hyav8l95UIZ773j7J7zRYc3Xsxy2wIn4x+llpunexXe6laaO72iEjeeGyUFmjKeA==",
      "os": ["linux"],
      "cpu": ["loong64"]
    },
    "@rollup/rollup-linux-ppc64-gnu@4.46.2": {
      "integrity": "sha512-B/l0dFcHVUnqcGZWKcWBSV2PF01YUt0Rvlurci5P+neqY/yMKchGU8ullZvIv5e8Y1C6wOn+U03mrDylP5q9Yw==",
      "os": ["linux"],
      "cpu": ["ppc64"]
    },
    "@rollup/rollup-linux-riscv64-gnu@4.46.2": {
      "integrity": "sha512-32k4ENb5ygtkMwPMucAb8MtV8olkPT03oiTxJbgkJa7lJ7dZMr0GCFJlyvy+K8iq7F/iuOr41ZdUHaOiqyR3iQ==",
      "os": ["linux"],
      "cpu": ["riscv64"]
    },
    "@rollup/rollup-linux-riscv64-musl@4.46.2": {
      "integrity": "sha512-t5B2loThlFEauloaQkZg9gxV05BYeITLvLkWOkRXogP4qHXLkWSbSHKM9S6H1schf/0YGP/qNKtiISlxvfmmZw==",
      "os": ["linux"],
      "cpu": ["riscv64"]
    },
    "@rollup/rollup-linux-s390x-gnu@4.46.2": {
      "integrity": "sha512-YKjekwTEKgbB7n17gmODSmJVUIvj8CX7q5442/CK80L8nqOUbMtf8b01QkG3jOqyr1rotrAnW6B/qiHwfcuWQA==",
      "os": ["linux"],
      "cpu": ["s390x"]
    },
    "@rollup/rollup-linux-x64-gnu@4.46.2": {
      "integrity": "sha512-Jj5a9RUoe5ra+MEyERkDKLwTXVu6s3aACP51nkfnK9wJTraCC8IMe3snOfALkrjTYd2G1ViE1hICj0fZ7ALBPA==",
      "os": ["linux"],
      "cpu": ["x64"]
    },
    "@rollup/rollup-linux-x64-musl@4.46.2": {
      "integrity": "sha512-7kX69DIrBeD7yNp4A5b81izs8BqoZkCIaxQaOpumcJ1S/kmqNFjPhDu1LHeVXv0SexfHQv5cqHsxLOjETuqDuA==",
      "os": ["linux"],
      "cpu": ["x64"]
    },
    "@rollup/rollup-win32-arm64-msvc@4.46.2": {
      "integrity": "sha512-wiJWMIpeaak/jsbaq2HMh/rzZxHVW1rU6coyeNNpMwk5isiPjSTx0a4YLSlYDwBH/WBvLz+EtsNqQScZTLJy3g==",
      "os": ["win32"],
      "cpu": ["arm64"]
    },
    "@rollup/rollup-win32-ia32-msvc@4.46.2": {
      "integrity": "sha512-gBgaUDESVzMgWZhcyjfs9QFK16D8K6QZpwAaVNJxYDLHWayOta4ZMjGm/vsAEy3hvlS2GosVFlBlP9/Wb85DqQ==",
      "os": ["win32"],
      "cpu": ["ia32"]
    },
    "@rollup/rollup-win32-x64-msvc@4.46.2": {
      "integrity": "sha512-CvUo2ixeIQGtF6WvuB87XWqPQkoFAFqW+HUo/WzHwuHDvIwZCtjdWXoYCcr06iKGydiqTclC4jU/TNObC/xKZg==",
      "os": ["win32"],
      "cpu": ["x64"]
    },
    "@safe-global/api-kit@4.0.0": {
      "integrity": "sha512-xtLLi6OXguLw8cLoYnzCxqmirzRK4sSORxaiBDXdxJfBXIZLLKvYwQyDjsPL+2W4jKlJVcSLCw5EfolJahNMYg==",
      "dependencies": [
        "@safe-global/protocol-kit",
        "@safe-global/types-kit",
        "node-fetch",
        "viem"
      ]
    },
    "@safe-global/protocol-kit@6.1.0": {
      "integrity": "sha512-2f8jH6SLeNGZB6HnvU8aDV4L4HLOelwW042yGg/s6sZAJEvh7I+yejmIbsK8o02+fbXgdssNdqTD4I90erBiZQ==",
      "dependencies": [
        "@safe-global/safe-deployments",
        "@safe-global/safe-modules-deployments",
        "@safe-global/types-kit",
        "abitype",
        "semver",
        "viem"
      ],
      "optionalDependencies": [
        "@noble/curves",
        "@peculiar/asn1-schema"
      ]
    },
    "@safe-global/safe-deployments@1.37.40": {
      "integrity": "sha512-jLvoFYPmCR75SNOLzLYYMD8qxYsiozDR3/hJXxv54aslmZKcirOKdZOSxQfhT9g7ga/q/v47lzG10x72cWJtzw==",
      "dependencies": [
        "semver"
      ]
    },
    "@safe-global/safe-modules-deployments@2.2.12": {
      "integrity": "sha512-2Xg/SzB9MNoJPoCoYgTVyxhxKuki9S+NmGU51xRlWjT6zPIeCoADJaMggJhCASjclmJHHV7gTbhbL9whFqT+jw=="
    },
    "@safe-global/types-kit@3.0.0": {
      "integrity": "sha512-AZWIlR5MguDPdGiOj7BB4JQPY2afqmWQww1mu8m8Oi16HHBW99G01kFOu4NEHBwEU1cgwWOMY19hsI5KyL4W2w==",
      "dependencies": [
        "abitype"
      ]
    },
    "@scure/base@1.2.6": {
      "integrity": "sha512-g/nm5FgUa//MCj1gV09zTJTaM6KBAHqLN907YVQqf7zC49+DcO4B1so4ZX07Ef10Twr6nuqYEH9GEggFXA4Fmg=="
    },
    "@scure/bip32@1.7.0": {
      "integrity": "sha512-E4FFX/N3f4B80AKWp5dP6ow+flD1LQZo/w8UnLGYZO674jS6YnYeepycOOksv+vLPSpgN35wgKgy+ybfTb2SMw==",
      "dependencies": [
        "@noble/curves",
        "@noble/hashes",
        "@scure/base"
      ]
    },
    "@scure/bip39@1.6.0": {
      "integrity": "sha512-+lF0BbLiJNwVlev4eKelw1WWLaiKXw7sSl8T6FvBlWkdX+94aGJ4o8XjUdlyhTCjd8c+B3KT3JfS8P0bLRNU6A==",
      "dependencies": [
        "@noble/hashes",
        "@scure/base"
      ]
    },
    "@types/chai@5.2.2": {
      "integrity": "sha512-8kB30R7Hwqf40JPiKhVzodJs2Qc1ZJ5zuT3uzw5Hq/dhNCl3G3l83jfpdI1e20BP348+fV7VIL/+FxaXkqBmWg==",
      "dependencies": [
        "@types/deep-eql"
      ]
    },
    "@types/deep-eql@4.0.2": {
      "integrity": "sha512-c9h9dVVMigMPc4bwTvC5dxqtqJZwQPePsWjPlpSOnojbor6pGqdk541lfA7AqFQr5pB1BRdq0juY9db81BwyFw=="
    },
    "@types/estree@1.0.8": {
      "integrity": "sha512-dWHzHa2WqEXI/O1E9OjrocMTKJl2mSrEolh1Iomrv6U+JuNwaHXsXx9bLu5gG7BUWFIN0skIQJQ/L1rIex4X6w=="
    },
    "@types/node@24.1.0": {
      "integrity": "sha512-ut5FthK5moxFKH2T1CUOC6ctR67rQRvvHdFLCD2Ql6KXmMuCrjsSsRI9UsLCm9M18BMwClv4pn327UvB7eeO1w==",
      "dependencies": [
        "undici-types"
      ]
    },
    "@vitest/expect@3.2.4": {
      "integrity": "sha512-Io0yyORnB6sikFlt8QW5K7slY4OjqNX9jmJQ02QDda8lyM6B5oNgVWoSoKPac8/kgnCUzuHQKrSLtu/uOqqrig==",
      "dependencies": [
        "@types/chai",
        "@vitest/spy",
        "@vitest/utils",
        "chai",
        "tinyrainbow"
      ]
    },
    "@vitest/mocker@3.2.4_vite@7.0.6__@types+node@24.1.0__picomatch@4.0.3_@types+node@24.1.0": {
      "integrity": "sha512-46ryTE9RZO/rfDd7pEqFl7etuyzekzEhUbTW3BvmeO/BcCMEgq59BKhek3dXDWgAj4oMK6OZi+vRr1wPW6qjEQ==",
      "dependencies": [
        "@vitest/spy",
        "estree-walker",
        "magic-string",
        "vite"
      ],
      "optionalPeers": [
        "vite"
      ]
    },
    "@vitest/pretty-format@3.2.4": {
      "integrity": "sha512-IVNZik8IVRJRTr9fxlitMKeJeXFFFN0JaB9PHPGQ8NKQbGpfjlTx9zO4RefN8gp7eqjNy8nyK3NZmBzOPeIxtA==",
      "dependencies": [
        "tinyrainbow"
      ]
    },
    "@vitest/runner@3.2.4": {
      "integrity": "sha512-oukfKT9Mk41LreEW09vt45f8wx7DordoWUZMYdY/cyAk7w5TWkTRCNZYF7sX7n2wB7jyGAl74OxgwhPgKaqDMQ==",
      "dependencies": [
        "@vitest/utils",
        "pathe",
        "strip-literal"
      ]
    },
    "@vitest/snapshot@3.2.4": {
      "integrity": "sha512-dEYtS7qQP2CjU27QBC5oUOxLE/v5eLkGqPE0ZKEIDGMs4vKWe7IjgLOeauHsR0D5YuuycGRO5oSRXnwnmA78fQ==",
      "dependencies": [
        "@vitest/pretty-format",
        "magic-string",
        "pathe"
      ]
    },
    "@vitest/spy@3.2.4": {
      "integrity": "sha512-vAfasCOe6AIK70iP5UD11Ac4siNUNJ9i/9PZ3NKx07sG6sUxeag1LWdNrMWeKKYBLlzuK+Gn65Yd5nyL6ds+nw==",
      "dependencies": [
        "tinyspy"
      ]
    },
    "@vitest/utils@3.2.4": {
      "integrity": "sha512-fB2V0JFrQSMsCo9HiSq3Ezpdv4iYaXRG1Sx8edX3MwxfyNn83mKiGzOcH+Fkxt4MHxr3y42fQi1oeAInqgX2QA==",
      "dependencies": [
        "@vitest/pretty-format",
        "loupe",
        "tinyrainbow"
      ]
    },
    "abitype@1.0.8": {
      "integrity": "sha512-ZeiI6h3GnW06uYDLx0etQtX/p8E24UaHHBj57RSjK7YBFe7iuVn07EDpOeP451D06sF27VOz9JJPlIKJmXgkEg=="
    },
    "ansi-styles@3.2.1": {
      "integrity": "sha512-VT0ZI6kZRdTh8YyJw3SMbYm/u+NqfsAxEpWO0Pf9sq8/e94WxxOpPKx9FR1FlyCtOVDNOQ+8ntlqFxiRc+r5qA==",
      "dependencies": [
        "color-convert@1.9.3"
      ]
    },
    "ansi-styles@4.3.0": {
      "integrity": "sha512-zbB9rCJAT1rbjiVDb2hqKFHNYLxgtk8NURxZ3IZwD3F6NtxbXZQCnnSi1Lkx+IDohdPlFp222wVALIheZJQSEg==",
      "dependencies": [
        "color-convert@2.0.1"
      ]
    },
    "array-back@3.1.0": {
      "integrity": "sha512-TkuxA4UCOvxuDK6NZYXCalszEzj+TLszyASooky+i742l9TqsOdYCMJJupxRic61hwquNtppB3hgcuq9SVSH1Q=="
    },
    "array-back@4.0.2": {
      "integrity": "sha512-NbdMezxqf94cnNfWLL7V/im0Ub+Anbb0IoZhvzie8+4HJ4nMQuzHuy49FkGYCJK2yAloZ3meiB6AVMClbrI1vg=="
    },
    "asn1js@3.0.5": {
      "integrity": "sha512-FVnvrKJwpt9LP2lAMl8qZswRNm3T4q9CON+bxldk2iwk3FFpuwhx2FfinyitizWHsVYyaY+y5JzDR0rCMV5yTQ==",
      "dependencies": [
        "pvtsutils",
        "pvutils",
        "tslib"
      ]
    },
    "assertion-error@2.0.1": {
      "integrity": "sha512-Izi8RQcffqCeNVgFigKli1ssklIbpHnCYc6AknXGYoB6grJqyeby7jv12JUQgmTAnIDnbck1uxksT4dzN3PWBA=="
    },
    "cac@6.7.14": {
      "integrity": "sha512-b6Ilus+c3RrdDk+JhLKUAQfzzgLEPy6wcXqS7f/xe1EETvsDP6GORG7SFuOs6cID5YkqchW/LXZbX5bc8j7ZcQ=="
    },
    "chai@5.2.1": {
      "integrity": "sha512-5nFxhUrX0PqtyogoYOA8IPswy5sZFTOsBFl/9bNsmDLgsxYTzSZQJDPppDnZPTQbzSEm0hqGjWPzRemQCYbD6A==",
      "dependencies": [
        "assertion-error",
        "check-error",
        "deep-eql",
        "loupe",
        "pathval"
      ]
    },
    "chalk@2.4.2": {
      "integrity": "sha512-Mti+f9lpJNcwF4tWV8/OrTTtF1gZi+f8FqlyAdouralcFWFQWF2+NgCHShjkCb+IFBLq9buZwE1xckQU4peSuQ==",
      "dependencies": [
        "ansi-styles@3.2.1",
        "escape-string-regexp",
        "supports-color@5.5.0"
      ]
    },
    "chalk@4.1.2": {
      "integrity": "sha512-oKnbhFyRIXpUuez8iBMmyEa4nbj4IOQyuhc/wy9kY7/WVPcwIO9VA668Pu8RkO7+0G76SLROeyw9CpQ061i4mA==",
      "dependencies": [
        "ansi-styles@4.3.0",
        "supports-color@7.2.0"
      ]
    },
    "check-error@2.1.1": {
      "integrity": "sha512-OAlb+T7V4Op9OwdkjmguYRqncdlx5JiofwOAUkmTF+jNdHwzTaTs4sRAGpzLF3oOz5xAyDGrPgeIDFQmDOTiJw=="
    },
    "color-convert@1.9.3": {
      "integrity": "sha512-QfAUtd+vFdAtFQcC8CCyYt1fYWxSqAiK2cSD6zDB8N3cpsEBAvRxp9zOGg6G/SHHJYAT88/az/IuDGALsNVbGg==",
      "dependencies": [
        "color-name@1.1.3"
      ]
    },
    "color-convert@2.0.1": {
      "integrity": "sha512-RRECPsj7iu/xb5oKYcsFHSppFNnsj/52OVTRKb4zP5onXwVF3zVmmToNcOfGC+CRDpfK/U584fMg38ZHCaElKQ==",
      "dependencies": [
        "color-name@1.1.4"
      ]
    },
    "color-name@1.1.3": {
      "integrity": "sha512-72fSenhMw2HZMTVHeCA9KCmpEIbzWiQsjN+BHcBbS9vr1mtt+vJjPdksIBNUmKAW8TFUDPJK5SUU3QhE9NEXDw=="
    },
    "color-name@1.1.4": {
      "integrity": "sha512-dOy+3AuW3a2wNbZHIuMZpTcgjGuLU/uBL/ubcZF9OXbDo8ff4O8yVp5Bf0efS8uEoYo5q4Fx7dY9OgQGXgAsQA=="
    },
    "command-line-args@5.2.1": {
      "integrity": "sha512-H4UfQhZyakIjC74I9d34fGYDwk3XpSr17QhEd0Q3I9Xq1CETHo4Hcuo87WyWHpAF1aSLjLRf5lD9ZGX2qStUvg==",
      "dependencies": [
        "array-back@3.1.0",
        "find-replace",
        "lodash.camelcase",
        "typical@4.0.0"
      ]
    },
    "command-line-usage@6.1.3": {
      "integrity": "sha512-sH5ZSPr+7UStsloltmDh7Ce5fb8XPlHyoPzTpyyMuYCtervL65+ubVZ6Q61cFtFl62UyJlc8/JwERRbAFPUqgw==",
      "dependencies": [
        "array-back@4.0.2",
        "chalk@2.4.2",
        "table-layout",
        "typical@5.2.0"
      ]
    },
    "debug@4.4.1": {
      "integrity": "sha512-KcKCqiftBJcZr++7ykoDIEwSa3XWowTfNPo92BYxjXiyYEVrUQh2aLyhxBCwww+heortUFxEJYcRzosstTEBYQ==",
      "dependencies": [
        "ms"
      ]
    },
    "deep-eql@5.0.2": {
      "integrity": "sha512-h5k/5U50IJJFpzfL6nO9jaaumfjO/f2NjK/oYB2Djzm4p9L+3T9qWpZqZ2hAbLPuuYq9wrU08WQyBTL5GbPk5Q=="
    },
    "deep-extend@0.6.0": {
      "integrity": "sha512-LOHxIOaPYdHlJRtCQfDIVZtfw/ufM8+rVj649RIHzcm/vGwQRXFt6OPqIFWsm2XEMrNIEtWR64sY1LEKD2vAOA=="
    },
    "es-module-lexer@1.7.0": {
      "integrity": "sha512-jEQoCwk8hyb2AZziIOLhDqpm5+2ww5uIE6lkO/6jcOCusfk6LhMHpXXfBLXTZ7Ydyt0j4VoUQv6uGNYbdW+kBA=="
    },
    "esbuild@0.25.8": {
      "integrity": "sha512-vVC0USHGtMi8+R4Kz8rt6JhEWLxsv9Rnu/lGYbPR8u47B+DCBksq9JarW0zOO7bs37hyOK1l2/oqtbciutL5+Q==",
      "optionalDependencies": [
        "@esbuild/aix-ppc64",
        "@esbuild/android-arm",
        "@esbuild/android-arm64",
        "@esbuild/android-x64",
        "@esbuild/darwin-arm64",
        "@esbuild/darwin-x64",
        "@esbuild/freebsd-arm64",
        "@esbuild/freebsd-x64",
        "@esbuild/linux-arm",
        "@esbuild/linux-arm64",
        "@esbuild/linux-ia32",
        "@esbuild/linux-loong64",
        "@esbuild/linux-mips64el",
        "@esbuild/linux-ppc64",
        "@esbuild/linux-riscv64",
        "@esbuild/linux-s390x",
        "@esbuild/linux-x64",
        "@esbuild/netbsd-arm64",
        "@esbuild/netbsd-x64",
        "@esbuild/openbsd-arm64",
        "@esbuild/openbsd-x64",
        "@esbuild/openharmony-arm64",
        "@esbuild/sunos-x64",
        "@esbuild/win32-arm64",
        "@esbuild/win32-ia32",
        "@esbuild/win32-x64"
      ],
      "scripts": true,
      "bin": true
    },
    "escape-string-regexp@1.0.5": {
      "integrity": "sha512-vbRorB5FUQWvla16U8R/qgaFIya2qGzwDrNmCZuYKrbdSUMG6I1ZCGQRefkRVhuOkIGVne7BQ35DSfo1qvJqFg=="
    },
    "estree-walker@3.0.3": {
      "integrity": "sha512-7RUKfXgSMMkzt6ZuXmqapOurLGPPfgj6l9uRZ7lRGolvk0y2yocc35LdcxKC5PQZdn2DMqioAQ2NoWcrTKmm6g==",
      "dependencies": [
        "@types/estree"
      ]
    },
    "eventemitter3@5.0.1": {
      "integrity": "sha512-GWkBvjiSZK87ELrYOSESUYeVIc9mvLLf/nXalMOS5dYrgZq9o5OVkbZAVM06CVxYsCwH9BDZFPlQTlPA1j4ahA=="
    },
    "expect-type@1.2.2": {
      "integrity": "sha512-JhFGDVJ7tmDJItKhYgJCGLOWjuK9vPxiXoUFLwLDc99NlmklilbiQJwoctZtt13+xMw91MCk/REan6MWHqDjyA=="
    },
    "fdir@6.4.6_picomatch@4.0.3": {
      "integrity": "sha512-hiFoqpyZcfNm1yc4u8oWCf9A2c4D3QjCrks3zmoVKVxpQRzmPNar1hUJcBG2RQHvEVGDN+Jm81ZheVLAQMK6+w==",
      "dependencies": [
        "picomatch"
      ],
      "optionalPeers": [
        "picomatch"
      ]
    },
    "find-replace@3.0.0": {
      "integrity": "sha512-6Tb2myMioCAgv5kfvP5/PkZZ/ntTpVK39fHY7WkWBgvbeE+VHd/tZuZ4mrC+bxh4cfOZeYKVPaJIZtZXV7GNCQ==",
      "dependencies": [
        "array-back@3.1.0"
      ]
    },
    "fsevents@2.3.3": {
      "integrity": "sha512-5xoDfX+fL7faATnagmWPpbFtwh/R77WmMMqqHGS65C3vvB0YHrgF+B1YmZ3441tMj5n63k0212XNoJwzlhffQw==",
      "os": ["darwin"],
      "scripts": true
    },
    "has-flag@3.0.0": {
      "integrity": "sha512-sKJf1+ceQBr4SMkvQnBDNDtf4TXpVhVGateu0t918bl30FnbE2m4vNLX+VWe/dpjlb+HugGYzW7uQXH98HPEYw=="
    },
    "has-flag@4.0.0": {
      "integrity": "sha512-EykJT/Q1KjTWctppgIAgfSO0tKVuZUjhgMr17kqTumMl6Afv3EISleU7qZUzoXDFTAHTDC4NOoG/ZxU3EvlMPQ=="
    },
    "isows@1.0.7_ws@8.18.2": {
      "integrity": "sha512-I1fSfDCZL5P0v33sVqeTDSpcstAg/N+wF5HS033mogOVIp4B+oHC7oOCsA3axAbBSGTJ8QubbNmnIRN/h8U7hg==",
      "dependencies": [
        "ws"
      ]
    },
    "js-tokens@9.0.1": {
      "integrity": "sha512-mxa9E9ITFOt0ban3j6L5MpjwegGz6lBQmM1IJkWeBZGcMxto50+eWdjC/52xDbS2vy0k7vIMK0Fe2wfL9OQSpQ=="
    },
    "lodash.camelcase@4.3.0": {
      "integrity": "sha512-TwuEnCnxbc3rAvhf/LbG7tJUDzhqXyFnv3dtzLOPgCG/hODL7WFnsbwktkD7yUV0RrreP/l1PALq/YSg6VvjlA=="
    },
    "loupe@3.2.0": {
      "integrity": "sha512-2NCfZcT5VGVNX9mSZIxLRkEAegDGBpuQZBy13desuHeVORmBDyAET4TkJr4SjqQy3A8JDofMN6LpkK8Xcm/dlw=="
    },
    "magic-string@0.30.17": {
      "integrity": "sha512-sNPKHvyjVf7gyjwS4xGTaW/mCnF8wnjtifKBEhxfZ7E/S8tQ0rssrwGNn6q8JH/ohItJfSQp9mBtQYuTlH5QnA==",
      "dependencies": [
        "@jridgewell/sourcemap-codec"
      ]
    },
    "ms@2.1.3": {
      "integrity": "sha512-6FlzubTLZG3J2a/NVCAleEhjzq5oxgHyaCU9yYXvcLsvoVaHJq/s5xXI6/XXP6tz7R9xAOtHnSO/tXtF3WRTlA=="
    },
    "nanoid@3.3.11": {
      "integrity": "sha512-N8SpfPUnUp1bK+PMYW8qSWdl9U+wwNWI4QKxOYDy9JAro3WMX7p2OeVRF9v+347pnakNevPmiHhNmZ2HbFA76w==",
      "bin": true
    },
    "node-fetch@2.7.0": {
      "integrity": "sha512-c4FRfUm/dbcWZ7U+1Wq0AwCyFL+3nt2bEw05wfxSz+DWpWsitgmSgYmy2dQdWyKC1694ELPqMs/YzUSNozLt8A==",
      "dependencies": [
        "whatwg-url"
      ]
    },
    "ox@0.8.1": {
      "integrity": "sha512-e+z5epnzV+Zuz91YYujecW8cF01mzmrUtWotJ0oEPym/G82uccs7q0WDHTYL3eiONbTUEvcZrptAKLgTBD3u2A==",
      "dependencies": [
        "@adraffy/ens-normalize",
        "@noble/ciphers",
        "@noble/curves",
        "@noble/hashes",
        "@scure/bip32",
        "@scure/bip39",
        "abitype",
        "eventemitter3"
      ]
    },
    "pathe@2.0.3": {
      "integrity": "sha512-WUjGcAqP1gQacoQe+OBJsFA7Ld4DyXuUIjZ5cc75cLHvJ7dtNsTugphxIADwspS+AraAUePCKrSVtPLFj/F88w=="
    },
    "pathval@2.0.1": {
      "integrity": "sha512-//nshmD55c46FuFw26xV/xFAaB5HF9Xdap7HJBBnrKdAd6/GxDBaNA1870O79+9ueg61cZLSVc+OaFlfmObYVQ=="
    },
    "picocolors@1.1.1": {
      "integrity": "sha512-xceH2snhtb5M9liqDsmEw56le376mTZkEX/jEb/RxNFyegNul7eNslCXP9FDj/Lcu0X8KEyMceP2ntpaHrDEVA=="
    },
    "picomatch@4.0.3": {
      "integrity": "sha512-5gTmgEY/sqK6gFXLIsQNH19lWb4ebPDLA4SdLP7dsWkIXHWlG66oPuVvXSGFPppYZz8ZDZq0dYYrbHfBCVUb1Q=="
    },
    "postcss@8.5.6": {
      "integrity": "sha512-3Ybi1tAuwAP9s0r1UQ2J4n5Y0G05bJkpUIO0/bI9MhwmD70S5aTWbXGBwxHrelT+XM1k6dM0pk+SwNkpTRN7Pg==",
      "dependencies": [
        "nanoid",
        "picocolors",
        "source-map-js"
      ]
    },
    "pvtsutils@1.3.6": {
      "integrity": "sha512-PLgQXQ6H2FWCaeRak8vvk1GW462lMxB5s3Jm673N82zI4vqtVUPuZdffdZbPDFRoU8kAhItWFtPCWiPpp4/EDg==",
      "dependencies": [
        "tslib"
      ]
    },
    "pvutils@1.1.3": {
      "integrity": "sha512-pMpnA0qRdFp32b1sJl1wOJNxZLQ2cbQx+k6tjNtZ8CpvVhNqEPRgivZ2WOUev2YMajecdH7ctUPDvEe87nariQ=="
    },
    "reduce-flatten@2.0.0": {
      "integrity": "sha512-EJ4UNY/U1t2P/2k6oqotuX2Cc3T6nxJwsM0N0asT7dhrtH1ltUxDn4NalSYmPE2rCkVpcf/X6R0wDwcFpzhd4w=="
    },
    "rollup@4.46.2": {
      "integrity": "sha512-WMmLFI+Boh6xbop+OAGo9cQ3OgX9MIg7xOQjn+pTCwOkk+FNDAeAemXkJ3HzDJrVXleLOFVa1ipuc1AmEx1Dwg==",
      "dependencies": [
        "@types/estree"
      ],
      "optionalDependencies": [
        "@rollup/rollup-android-arm-eabi",
        "@rollup/rollup-android-arm64",
        "@rollup/rollup-darwin-arm64",
        "@rollup/rollup-darwin-x64",
        "@rollup/rollup-freebsd-arm64",
        "@rollup/rollup-freebsd-x64",
        "@rollup/rollup-linux-arm-gnueabihf",
        "@rollup/rollup-linux-arm-musleabihf",
        "@rollup/rollup-linux-arm64-gnu",
        "@rollup/rollup-linux-arm64-musl",
        "@rollup/rollup-linux-loongarch64-gnu",
        "@rollup/rollup-linux-ppc64-gnu",
        "@rollup/rollup-linux-riscv64-gnu",
        "@rollup/rollup-linux-riscv64-musl",
        "@rollup/rollup-linux-s390x-gnu",
        "@rollup/rollup-linux-x64-gnu",
        "@rollup/rollup-linux-x64-musl",
        "@rollup/rollup-win32-arm64-msvc",
        "@rollup/rollup-win32-ia32-msvc",
        "@rollup/rollup-win32-x64-msvc",
        "fsevents"
      ],
      "bin": true
    },
    "semver@7.7.2": {
      "integrity": "sha512-RF0Fw+rO5AMf9MAyaRXI4AV0Ulj5lMHqVxxdSgiVbixSCXoEmmX/jk0CuJw4+3SqroYO9VoUh+HcuJivvtJemA==",
      "bin": true
    },
    "siginfo@2.0.0": {
      "integrity": "sha512-ybx0WO1/8bSBLEWXZvEd7gMW3Sn3JFlW3TvX1nREbDLRNQNaeNN8WK0meBwPdAaOI7TtRRRJn/Es1zhrrCHu7g=="
    },
    "source-map-js@1.2.1": {
      "integrity": "sha512-UXWMKhLOwVKb728IUtQPXxfYU+usdybtUrK/8uGE8CQMvrhOpwvzDBwj0QhSL7MQc7vIsISBG8VQ8+IDQxpfQA=="
    },
    "stackback@0.0.2": {
      "integrity": "sha512-1XMJE5fQo1jGH6Y/7ebnwPOBEkIEnT4QF32d5R1+VXdXveM0IBMJt8zfaxX1P3QhVwrYe+576+jkANtSS2mBbw=="
    },
    "std-env@3.9.0": {
      "integrity": "sha512-UGvjygr6F6tpH7o2qyqR6QYpwraIjKSdtzyBdyytFOHmPZY917kwdwLG0RbOjWOnKmnm3PeHjaoLLMie7kPLQw=="
    },
    "string-format@2.0.0": {
      "integrity": "sha512-bbEs3scLeYNXLecRRuk6uJxdXUSj6le/8rNPHChIJTn2V79aXVTR1EH2OH5zLKKoz0V02fOUKZZcw01pLUShZA=="
    },
    "strip-literal@3.0.0": {
      "integrity": "sha512-TcccoMhJOM3OebGhSBEmp3UZ2SfDMZUEBdRA/9ynfLi8yYajyWX3JiXArcJt4Umh4vISpspkQIY8ZZoCqjbviA==",
      "dependencies": [
        "js-tokens"
      ]
    },
    "supports-color@5.5.0": {
      "integrity": "sha512-QjVjwdXIt408MIiAqCX4oUKsgU2EqAGzs2Ppkm4aQYbjm+ZEWEcW4SfFNTr4uMNZma0ey4f5lgLrkB0aX0QMow==",
      "dependencies": [
        "has-flag@3.0.0"
      ]
    },
    "supports-color@7.2.0": {
      "integrity": "sha512-qpCAvRl9stuOHveKsn7HncJRvv501qIacKzQlO/+Lwxc9+0q2wLyv4Dfvt80/DPn2pqOBsJdDiogXGR9+OvwRw==",
      "dependencies": [
        "has-flag@4.0.0"
      ]
    },
    "table-layout@1.0.2": {
      "integrity": "sha512-qd/R7n5rQTRFi+Zf2sk5XVVd9UQl6ZkduPFC3S7WEGJAmetDTjY3qPN50eSKzwuzEyQKy5TN2TiZdkIjos2L6A==",
      "dependencies": [
        "array-back@4.0.2",
        "deep-extend",
        "typical@5.2.0",
        "wordwrapjs"
      ]
    },
    "tinybench@2.9.0": {
      "integrity": "sha512-0+DUvqWMValLmha6lr4kD8iAMK1HzV0/aKnCtWb9v9641TnP/MFb7Pc2bxoxQjTXAErryXVgUOfv2YqNllqGeg=="
    },
    "tinyexec@0.3.2": {
      "integrity": "sha512-KQQR9yN7R5+OSwaK0XQoj22pwHoTlgYqmUscPYoknOoWCWfj/5/ABTMRi69FrKU5ffPVh5QcFikpWJI/P1ocHA=="
    },
    "tinyglobby@0.2.14_picomatch@4.0.3": {
      "integrity": "sha512-tX5e7OM1HnYr2+a2C/4V0htOcSQcoSTH9KgJnVvNm5zm/cyEWKJ7j7YutsH9CxMdtOkkLFy2AHrMci9IM8IPZQ==",
      "dependencies": [
        "fdir",
        "picomatch"
      ]
    },
    "tinypool@1.1.1": {
      "integrity": "sha512-Zba82s87IFq9A9XmjiX5uZA/ARWDrB03OHlq+Vw1fSdt0I+4/Kutwy8BP4Y/y/aORMo61FQ0vIb5j44vSo5Pkg=="
    },
    "tinyrainbow@2.0.0": {
      "integrity": "sha512-op4nsTR47R6p0vMUUoYl/a+ljLFVtlfaXkLQmqfLR1qHma1h/ysYk4hEXZ880bf2CYgTskvTa/e196Vd5dDQXw=="
    },
    "tinyspy@4.0.3": {
      "integrity": "sha512-t2T/WLB2WRgZ9EpE4jgPJ9w+i66UZfDc8wHh0xrwiRNN+UwH98GIJkTeZqX9rg0i0ptwzqW+uYeIF0T4F8LR7A=="
    },
    "tr46@0.0.3": {
      "integrity": "sha512-N3WMsuqV66lT30CrXNbEjx4GEwlow3v6rr4mCcv6prnfwhS01rkgyFdjPNBYd9br7LpXV1+Emh01fHnq2Gdgrw=="
    },
    "ts-command-line-args@2.5.1": {
      "integrity": "sha512-H69ZwTw3rFHb5WYpQya40YAX2/w7Ut75uUECbgBIsLmM+BNuYnxsltfyyLMxy6sEeKxgijLTnQtLd0nKd6+IYw==",
      "dependencies": [
        "chalk@4.1.2",
        "command-line-args",
        "command-line-usage",
        "string-format"
      ],
      "bin": true
    },
    "tslib@2.8.1": {
      "integrity": "sha512-oJFu94HQb+KVduSUQL7wnpmqnfmLsOA/nAh6b6EH0wCEoK0/mPeXU6c3wKDV83MkOuHPRHtSXKKU99IBazS/2w=="
    },
    "typical@4.0.0": {
      "integrity": "sha512-VAH4IvQ7BDFYglMd7BPRDfLgxZZX4O4TFcRDA6EN5X7erNJJq+McIEp8np9aVtxrCJ6qx4GTYVfOWNjcqwZgRw=="
    },
    "typical@5.2.0": {
      "integrity": "sha512-dvdQgNDNJo+8B2uBQoqdb11eUCE1JQXhvjC/CZtgvZseVd5TYMXnq0+vuUemXbd/Se29cTaUuPX3YIc2xgbvIg=="
    },
    "undici-types@7.8.0": {
      "integrity": "sha512-9UJ2xGDvQ43tYyVMpuHlsgApydB8ZKfVYTsLDhXkFL/6gfkp+U8xTGdh8pMJv1SpZna0zxG1DwsKZsreLbXBxw=="
    },
    "viem@2.33.1_ws@8.18.2": {
      "integrity": "sha512-++Dkj8HvSOLPMKEs+ZBNNcWbBRlUHcXNWktjIU22hgr6YmbUldV1sPTGLZa6BYRm06WViMjXj6HIsHt8rD+ZKQ==",
      "dependencies": [
        "@noble/curves",
        "@noble/hashes",
        "@scure/bip32",
        "@scure/bip39",
        "abitype",
        "isows",
        "ox",
        "ws"
      ]
    },
    "vite-node@3.2.4_@types+node@24.1.0": {
      "integrity": "sha512-EbKSKh+bh1E1IFxeO0pg1n4dvoOTt0UDiXMd/qn++r98+jPO1xtJilvXldeuQ8giIB5IkpjCgMleHMNEsGH6pg==",
      "dependencies": [
        "cac",
        "debug",
        "es-module-lexer",
        "pathe",
        "vite"
      ],
      "bin": true
    },
    "vite@7.0.6_@types+node@24.1.0_picomatch@4.0.3": {
      "integrity": "sha512-MHFiOENNBd+Bd9uvc8GEsIzdkn1JxMmEeYX35tI3fv0sJBUTfW5tQsoaOwuY4KhBI09A3dUJ/DXf2yxPVPUceg==",
      "dependencies": [
        "@types/node",
        "esbuild",
        "fdir",
        "picomatch",
        "postcss",
        "rollup",
        "tinyglobby"
      ],
      "optionalDependencies": [
        "fsevents"
      ],
      "optionalPeers": [
        "@types/node"
      ],
      "bin": true
    },
    "vitest@3.2.4_@types+node@24.1.0_vite@7.0.6__@types+node@24.1.0__picomatch@4.0.3": {
      "integrity": "sha512-LUCP5ev3GURDysTWiP47wRRUpLKMOfPh+yKTx3kVIEiu5KOMeqzpnYNsKyOoVrULivR8tLcks4+lga33Whn90A==",
      "dependencies": [
        "@types/chai",
        "@types/node",
        "@vitest/expect",
        "@vitest/mocker",
        "@vitest/pretty-format",
        "@vitest/runner",
        "@vitest/snapshot",
        "@vitest/spy",
        "@vitest/utils",
        "chai",
        "debug",
        "expect-type",
        "magic-string",
        "pathe",
        "picomatch",
        "std-env",
        "tinybench",
        "tinyexec",
        "tinyglobby",
        "tinypool",
        "tinyrainbow",
        "vite",
        "vite-node",
        "why-is-node-running"
      ],
      "optionalPeers": [
        "@types/node"
      ],
      "bin": true
    },
    "webidl-conversions@3.0.1": {
      "integrity": "sha512-2JAn3z8AR6rjK8Sm8orRC0h/bcl/DqL7tRPdGZ4I1CjdF+EaMLmYxBHyXuKL849eucPFhvBoxMsflfOb8kxaeQ=="
    },
    "whatwg-url@5.0.0": {
      "integrity": "sha512-saE57nupxk6v3HY35+jzBwYa0rKSy0XR8JSxZPwgLr7ys0IBzhGviA1/TUGJLmSVqs8pb9AnvICXEuOHLprYTw==",
      "dependencies": [
        "tr46",
        "webidl-conversions"
      ]
    },
    "why-is-node-running@2.3.0": {
      "integrity": "sha512-hUrmaWBdVDcxvYqnyh09zunKzROWjbZTiNy8dBEjkS7ehEDQibXJ7XvlmtbwuTclUiIyN+CyXQD4Vmko8fNm8w==",
      "dependencies": [
        "siginfo",
        "stackback"
      ],
      "bin": true
    },
    "wordwrapjs@4.0.1": {
      "integrity": "sha512-kKlNACbvHrkpIw6oPeYDSmdCTu2hdMHoyXLTcUKala++lx5Y+wjJ/e474Jqv5abnVmwxw08DiTuHmw69lJGksA==",
      "dependencies": [
        "reduce-flatten",
        "typical@5.2.0"
      ]
    },
    "ws@8.18.2": {
      "integrity": "sha512-DMricUmwGZUVr++AEAe2uiVM7UoO9MAVZMDu05UQOaUII0lp+zOzLLU4Xqh/JvTqklB1T4uELaaPBKyjE1r4fQ=="
    }
  },
  "workspace": {
    "dependencies": [
      "jsr:@std/assert@^1.0.13",
      "jsr:@wevm/viem@^2.33.1"
    ],
    "packageJson": {
      "dependencies": [
        "npm:@safe-global/api-kit@4",
        "npm:@safe-global/types-kit@3",
        "npm:@types/node@^24.1.0",
        "npm:ts-command-line-args@^2.5.1",
        "npm:viem@^2.33.1",
        "npm:vitest@^3.2.4"
      ]
    }
  }
}
